{
  "object": {
    "pins": [
      {
        "package": "SwiftHole",
        "repositoryURL": "git@github.com:Bunn/SwiftHole.git",
        "state": {
          "branch": "master",
          "revision": "45b99bd52ab1a48d4cd8207989df2a6546e7b8d8",
          "version": null
        }
      }
    ]
  },
  "version": 1
}
