{
  "pins" : [
    {
      "identity" : "preferences",
      "kind" : "remoteSourceControl",
      "location" : "https://github.com/sindresorhus/Preferences",
      "state" : {
        "revision" : "dfb7457dc26891b0e9eb55d602f49c54b8e771fd",
        "version" : "2.0.1"
      }
    },
    {
      "identity" : "swifthole",
      "kind" : "remoteSourceControl",
      "location" : "git@github.com:Bunn/SwiftHole.git",
      "state" : {
        "revision" : "a2f35eaeeed0a43ec77e9c81544e471352ef82e8",
        "version" : "2.0.0"
      }
    }
  ],
  "version" : 2
}
