{
  "object": {
    "pins": [
      {
        "package": "PiMonitor",
        "repositoryURL": "git@github.com:Bunn/PiMonitor.git",
        "state": {
          "branch": null,
          "revision": "547af0044cbf5783e71732717515771ad8aaa847",
          "version": "0.0.8"
        }
      },
      {
        "package": "SwiftHole",
        "repositoryURL": "https://github.com/Bunn/SwiftHole.git",
        "state": {
          "branch": null,
          "revision": "334b90e7fdc5247cb34b21893db842b7db8b5ef8",
          "version": "1.5.1"
        }
      }
    ]
  },
  "version": 1
}
