{
  "object": {
    "pins": [
      {
        "package": "PiMonitor",
        "repositoryURL": "https://github.com/Bunn/PiMonitor",
        "state": {
          "branch": null,
          "revision": "84d2d26fdcf994e1bb5e129e47d965bb47aaba0b",
          "version": "0.0.6"
        }
      },
      {
        "package": "SwiftHole",
        "repositoryURL": "https://github.com/Bunn/SwiftHole",
        "state": {
          "branch": null,
          "revision": "6e543478a512476108fad9ad1f9ebe089acc6a3c",
          "version": "1.5.0"
        }
      }
    ]
  },
  "version": 1
}
