// !$*UTF8*$!
{
	archiveVersion = 1;
	classes = {
	};
	objectVersion = 56;
	objects = {

/* Begin PBXBuildFile section */
		31BD605A2B5D7535007ACEE3 /* PiStatsApp.swift in Sources */ = {isa = PBXBuildFile; fileRef = 31BD60592B5D7535007ACEE3 /* PiStatsApp.swift */; };
		31BD605C2B5D7535007ACEE3 /* ContentView.swift in Sources */ = {isa = PBXBuildFile; fileRef = 31BD605B2B5D7535007ACEE3 /* ContentView.swift */; };
		31BD605E2B5D7535007ACEE3 /* Item.swift in Sources */ = {isa = PBXBuildFile; fileRef = 31BD605D2B5D7535007ACEE3 /* Item.swift */; };
		31BD60602B5D7536007ACEE3 /* Assets.xcassets in Resources */ = {isa = PBXBuildFile; fileRef = 31BD605F2B5D7536007ACEE3 /* Assets.xcassets */; };
		31BD60642B5D7536007ACEE3 /* Preview Assets.xcassets in Resources */ = {isa = PBXBuildFile; fileRef = 31BD60632B5D7536007ACEE3 /* Preview Assets.xcassets */; };
		31BD606F2B5D7536007ACEE3 /* PiStatsTests.swift in Sources */ = {isa = PBXBuildFile; fileRef = 31BD606E2B5D7536007ACEE3 /* PiStatsTests.swift */; };
		31BD60792B5D7536007ACEE3 /* PiStatsUITests.swift in Sources */ = {isa = PBXBuildFile; fileRef = 31BD60782B5D7536007ACEE3 /* PiStatsUITests.swift */; };
		31BD607B2B5D7536007ACEE3 /* PiStatsUITestsLaunchTests.swift in Sources */ = {isa = PBXBuildFile; fileRef = 31BD607A2B5D7536007ACEE3 /* PiStatsUITestsLaunchTests.swift */; };
		31BD60A32B5D7700007ACEE3 /* ContentView.swift in Sources */ = {isa = PBXBuildFile; fileRef = 31BD605B2B5D7535007ACEE3 /* ContentView.swift */; };
		31BD60A42B5D7700007ACEE3 /* Item.swift in Sources */ = {isa = PBXBuildFile; fileRef = 31BD605D2B5D7535007ACEE3 /* Item.swift */; };
		31BD60A52B5D7700007ACEE3 /* PiStatsApp.swift in Sources */ = {isa = PBXBuildFile; fileRef = 31BD60592B5D7535007ACEE3 /* PiStatsApp.swift */; };
		31BD60A82B5D7700007ACEE3 /* Preview Assets.xcassets in Resources */ = {isa = PBXBuildFile; fileRef = 31BD60632B5D7536007ACEE3 /* Preview Assets.xcassets */; };
		31BD60A92B5D7700007ACEE3 /* Assets.xcassets in Resources */ = {isa = PBXBuildFile; fileRef = 31BD605F2B5D7536007ACEE3 /* Assets.xcassets */; };
		31BD60B02B5D77E2007ACEE3 /* MacTest.swift in Sources */ = {isa = PBXBuildFile; fileRef = 31BD60AF2B5D77E2007ACEE3 /* MacTest.swift */; };
/* End PBXBuildFile section */

/* Begin PBXContainerItemProxy section */
		31BD606B2B5D7536007ACEE3 /* PBXContainerItemProxy */ = {
			isa = PBXContainerItemProxy;
			containerPortal = 31BD604E2B5D7535007ACEE3 /* Project object */;
			proxyType = 1;
			remoteGlobalIDString = 31BD60552B5D7535007ACEE3;
			remoteInfo = PiStats;
		};
		31BD60752B5D7536007ACEE3 /* PBXContainerItemProxy */ = {
			isa = PBXContainerItemProxy;
			containerPortal = 31BD604E2B5D7535007ACEE3 /* Project object */;
			proxyType = 1;
			remoteGlobalIDString = 31BD60552B5D7535007ACEE3;
			remoteInfo = PiStats;
		};
/* End PBXContainerItemProxy section */

/* Begin PBXFileReference section */
		31BD60562B5D7535007ACEE3 /* PiStats (iOS).app */ = {isa = PBXFileReference; explicitFileType = wrapper.application; includeInIndex = 0; path = "PiStats (iOS).app"; sourceTree = BUILT_PRODUCTS_DIR; };
		31BD60592B5D7535007ACEE3 /* PiStatsApp.swift */ = {isa = PBXFileReference; lastKnownFileType = sourcecode.swift; path = PiStatsApp.swift; sourceTree = "<group>"; };
		31BD605B2B5D7535007ACEE3 /* ContentView.swift */ = {isa = PBXFileReference; lastKnownFileType = sourcecode.swift; path = ContentView.swift; sourceTree = "<group>"; };
		31BD605D2B5D7535007ACEE3 /* Item.swift */ = {isa = PBXFileReference; lastKnownFileType = sourcecode.swift; path = Item.swift; sourceTree = "<group>"; };
		31BD605F2B5D7536007ACEE3 /* Assets.xcassets */ = {isa = PBXFileReference; lastKnownFileType = folder.assetcatalog; path = Assets.xcassets; sourceTree = "<group>"; };
		31BD60612B5D7536007ACEE3 /* PiStats.entitlements */ = {isa = PBXFileReference; lastKnownFileType = text.plist.entitlements; path = PiStats.entitlements; sourceTree = "<group>"; };
		31BD60632B5D7536007ACEE3 /* Preview Assets.xcassets */ = {isa = PBXFileReference; lastKnownFileType = folder.assetcatalog; path = "Preview Assets.xcassets"; sourceTree = "<group>"; };
		31BD60652B5D7536007ACEE3 /* Info.plist */ = {isa = PBXFileReference; lastKnownFileType = text.plist.xml; path = Info.plist; sourceTree = "<group>"; };
		31BD606A2B5D7536007ACEE3 /* PiStatsTests.xctest */ = {isa = PBXFileReference; explicitFileType = wrapper.cfbundle; includeInIndex = 0; path = PiStatsTests.xctest; sourceTree = BUILT_PRODUCTS_DIR; };
		31BD606E2B5D7536007ACEE3 /* PiStatsTests.swift */ = {isa = PBXFileReference; lastKnownFileType = sourcecode.swift; path = PiStatsTests.swift; sourceTree = "<group>"; };
		31BD60742B5D7536007ACEE3 /* PiStatsUITests.xctest */ = {isa = PBXFileReference; explicitFileType = wrapper.cfbundle; includeInIndex = 0; path = PiStatsUITests.xctest; sourceTree = BUILT_PRODUCTS_DIR; };
		31BD60782B5D7536007ACEE3 /* PiStatsUITests.swift */ = {isa = PBXFileReference; lastKnownFileType = sourcecode.swift; path = PiStatsUITests.swift; sourceTree = "<group>"; };
		31BD607A2B5D7536007ACEE3 /* PiStatsUITestsLaunchTests.swift */ = {isa = PBXFileReference; lastKnownFileType = sourcecode.swift; path = PiStatsUITestsLaunchTests.swift; sourceTree = "<group>"; };
		31BD60882B5D75AD007ACEE3 /* PiStatsCore */ = {isa = PBXFileReference; lastKnownFileType = wrapper; name = PiStatsCore; path = ../../../PiStatsCore; sourceTree = "<group>"; };
		31BD60AD2B5D7700007ACEE3 /* PiStats (macOS).app */ = {isa = PBXFileReference; explicitFileType = wrapper.application; includeInIndex = 0; path = "PiStats (macOS).app"; sourceTree = BUILT_PRODUCTS_DIR; };
		31BD60AE2B5D7700007ACEE3 /* PiStats-macOS-Info.plist */ = {isa = PBXFileReference; lastKnownFileType = text.plist.xml; name = "PiStats-macOS-Info.plist"; path = "/Users/bunn/Developer/PiStats/PiStats/PiStats-macOS-Info.plist"; sourceTree = "<absolute>"; };
		31BD60AF2B5D77E2007ACEE3 /* MacTest.swift */ = {isa = PBXFileReference; lastKnownFileType = sourcecode.swift; path = MacTest.swift; sourceTree = "<group>"; };
/* End PBXFileReference section */

/* Begin PBXFrameworksBuildPhase section */
		31BD60532B5D7535007ACEE3 /* Frameworks */ = {
			isa = PBXFrameworksBuildPhase;
			buildActionMask = 2147483647;
			files = (
			);
			runOnlyForDeploymentPostprocessing = 0;
		};
		31BD60672B5D7536007ACEE3 /* Frameworks */ = {
			isa = PBXFrameworksBuildPhase;
			buildActionMask = 2147483647;
			files = (
			);
			runOnlyForDeploymentPostprocessing = 0;
		};
		31BD60712B5D7536007ACEE3 /* Frameworks */ = {
			isa = PBXFrameworksBuildPhase;
			buildActionMask = 2147483647;
			files = (
			);
			runOnlyForDeploymentPostprocessing = 0;
		};
		31BD60A62B5D7700007ACEE3 /* Frameworks */ = {
			isa = PBXFrameworksBuildPhase;
			buildActionMask = 2147483647;
			files = (
			);
			runOnlyForDeploymentPostprocessing = 0;
		};
/* End PBXFrameworksBuildPhase section */

/* Begin PBXGroup section */
		31BD604D2B5D7535007ACEE3 = {
			isa = PBXGroup;
			children = (
				31BD60582B5D7535007ACEE3 /* PiStats */,
				31BD606D2B5D7536007ACEE3 /* PiStatsTests */,
				31BD60772B5D7536007ACEE3 /* PiStatsUITests */,
				31BD60572B5D7535007ACEE3 /* Products */,
				31BD60AE2B5D7700007ACEE3 /* PiStats-macOS-Info.plist */,
			);
			sourceTree = "<group>";
		};
		31BD60572B5D7535007ACEE3 /* Products */ = {
			isa = PBXGroup;
			children = (
				31BD60562B5D7535007ACEE3 /* PiStats (iOS).app */,
				31BD606A2B5D7536007ACEE3 /* PiStatsTests.xctest */,
				31BD60742B5D7536007ACEE3 /* PiStatsUITests.xctest */,
				31BD60AD2B5D7700007ACEE3 /* PiStats (macOS).app */,
			);
			name = Products;
			sourceTree = "<group>";
		};
		31BD60582B5D7535007ACEE3 /* PiStats */ = {
			isa = PBXGroup;
			children = (
				31BD608B2B5D75F9007ACEE3 /* Shared */,
				31BD608A2B5D75F5007ACEE3 /* iOS */,
				31BD60892B5D75EE007ACEE3 /* macOS */,
				31BD60872B5D75A1007ACEE3 /* LocalPackages */,
				31BD60592B5D7535007ACEE3 /* PiStatsApp.swift */,
				31BD605B2B5D7535007ACEE3 /* ContentView.swift */,
				31BD605D2B5D7535007ACEE3 /* Item.swift */,
				31BD605F2B5D7536007ACEE3 /* Assets.xcassets */,
				31BD60612B5D7536007ACEE3 /* PiStats.entitlements */,
				31BD60652B5D7536007ACEE3 /* Info.plist */,
				31BD60622B5D7536007ACEE3 /* Preview Content */,
			);
			path = PiStats;
			sourceTree = "<group>";
		};
		31BD60622B5D7536007ACEE3 /* Preview Content */ = {
			isa = PBXGroup;
			children = (
				31BD60632B5D7536007ACEE3 /* Preview Assets.xcassets */,
			);
			path = "Preview Content";
			sourceTree = "<group>";
		};
		31BD606D2B5D7536007ACEE3 /* PiStatsTests */ = {
			isa = PBXGroup;
			children = (
				31BD606E2B5D7536007ACEE3 /* PiStatsTests.swift */,
			);
			path = PiStatsTests;
			sourceTree = "<group>";
		};
		31BD60772B5D7536007ACEE3 /* PiStatsUITests */ = {
			isa = PBXGroup;
			children = (
				31BD60782B5D7536007ACEE3 /* PiStatsUITests.swift */,
				31BD607A2B5D7536007ACEE3 /* PiStatsUITestsLaunchTests.swift */,
			);
			path = PiStatsUITests;
			sourceTree = "<group>";
		};
		31BD60872B5D75A1007ACEE3 /* LocalPackages */ = {
			isa = PBXGroup;
			children = (
				31BD60882B5D75AD007ACEE3 /* PiStatsCore */,
			);
			path = LocalPackages;
			sourceTree = "<group>";
		};
		31BD60892B5D75EE007ACEE3 /* macOS */ = {
			isa = PBXGroup;
			children = (
				31BD60AF2B5D77E2007ACEE3 /* MacTest.swift */,
			);
			path = macOS;
			sourceTree = "<group>";
		};
		31BD608A2B5D75F5007ACEE3 /* iOS */ = {
			isa = PBXGroup;
			children = (
			);
			path = iOS;
			sourceTree = "<group>";
		};
		31BD608B2B5D75F9007ACEE3 /* Shared */ = {
			isa = PBXGroup;
			children = (
			);
			path = Shared;
			sourceTree = "<group>";
		};
/* End PBXGroup section */

/* Begin PBXNativeTarget section */
		31BD60552B5D7535007ACEE3 /* PiStats (iOS) */ = {
			isa = PBXNativeTarget;
			buildConfigurationList = 31BD607E2B5D7536007ACEE3 /* Build configuration list for PBXNativeTarget "PiStats (iOS)" */;
			buildPhases = (
				31BD60522B5D7535007ACEE3 /* Sources */,
				31BD60532B5D7535007ACEE3 /* Frameworks */,
				31BD60542B5D7535007ACEE3 /* Resources */,
			);
			buildRules = (
			);
			dependencies = (
			);
			name = "PiStats (iOS)";
			productName = PiStats;
			productReference = 31BD60562B5D7535007ACEE3 /* PiStats (iOS).app */;
			productType = "com.apple.product-type.application";
		};
		31BD60692B5D7536007ACEE3 /* PiStatsTests */ = {
			isa = PBXNativeTarget;
			buildConfigurationList = 31BD60812B5D7536007ACEE3 /* Build configuration list for PBXNativeTarget "PiStatsTests" */;
			buildPhases = (
				31BD60662B5D7536007ACEE3 /* Sources */,
				31BD60672B5D7536007ACEE3 /* Frameworks */,
				31BD60682B5D7536007ACEE3 /* Resources */,
			);
			buildRules = (
			);
			dependencies = (
				31BD606C2B5D7536007ACEE3 /* PBXTargetDependency */,
			);
			name = PiStatsTests;
			productName = PiStatsTests;
			productReference = 31BD606A2B5D7536007ACEE3 /* PiStatsTests.xctest */;
			productType = "com.apple.product-type.bundle.unit-test";
		};
		31BD60732B5D7536007ACEE3 /* PiStatsUITests */ = {
			isa = PBXNativeTarget;
			buildConfigurationList = 31BD60842B5D7536007ACEE3 /* Build configuration list for PBXNativeTarget "PiStatsUITests" */;
			buildPhases = (
				31BD60702B5D7536007ACEE3 /* Sources */,
				31BD60712B5D7536007ACEE3 /* Frameworks */,
				31BD60722B5D7536007ACEE3 /* Resources */,
			);
			buildRules = (
			);
			dependencies = (
				31BD60762B5D7536007ACEE3 /* PBXTargetDependency */,
			);
			name = PiStatsUITests;
			productName = PiStatsUITests;
			productReference = 31BD60742B5D7536007ACEE3 /* PiStatsUITests.xctest */;
			productType = "com.apple.product-type.bundle.ui-testing";
		};
		31BD60A12B5D7700007ACEE3 /* PiStats (macOS) */ = {
			isa = PBXNativeTarget;
			buildConfigurationList = 31BD60AA2B5D7700007ACEE3 /* Build configuration list for PBXNativeTarget "PiStats (macOS)" */;
			buildPhases = (
				31BD60A22B5D7700007ACEE3 /* Sources */,
				31BD60A62B5D7700007ACEE3 /* Frameworks */,
				31BD60A72B5D7700007ACEE3 /* Resources */,
			);
			buildRules = (
			);
			dependencies = (
			);
			name = "PiStats (macOS)";
			productName = PiStats;
			productReference = 31BD60AD2B5D7700007ACEE3 /* PiStats (macOS).app */;
			productType = "com.apple.product-type.application";
		};
/* End PBXNativeTarget section */

/* Begin PBXProject section */
		31BD604E2B5D7535007ACEE3 /* Project object */ = {
			isa = PBXProject;
			attributes = {
				BuildIndependentTargetsInParallel = 1;
				LastSwiftUpdateCheck = 1520;
				LastUpgradeCheck = 1520;
				TargetAttributes = {
					31BD60552B5D7535007ACEE3 = {
						CreatedOnToolsVersion = 15.2;
					};
					31BD60692B5D7536007ACEE3 = {
						CreatedOnToolsVersion = 15.2;
						TestTargetID = 31BD60552B5D7535007ACEE3;
					};
					31BD60732B5D7536007ACEE3 = {
						CreatedOnToolsVersion = 15.2;
						TestTargetID = 31BD60552B5D7535007ACEE3;
					};
				};
			};
			buildConfigurationList = 31BD60512B5D7535007ACEE3 /* Build configuration list for PBXProject "PiStats" */;
			compatibilityVersion = "Xcode 14.0";
			developmentRegion = en;
			hasScannedForEncodings = 0;
			knownRegions = (
				en,
				Base,
			);
			mainGroup = 31BD604D2B5D7535007ACEE3;
			productRefGroup = 31BD60572B5D7535007ACEE3 /* Products */;
			projectDirPath = "";
			projectRoot = "";
			targets = (
				31BD60552B5D7535007ACEE3 /* PiStats (iOS) */,
				31BD60692B5D7536007ACEE3 /* PiStatsTests */,
				31BD60732B5D7536007ACEE3 /* PiStatsUITests */,
				31BD60A12B5D7700007ACEE3 /* PiStats (macOS) */,
			);
		};
/* End PBXProject section */

/* Begin PBXResourcesBuildPhase section */
		31BD60542B5D7535007ACEE3 /* Resources */ = {
			isa = PBXResourcesBuildPhase;
			buildActionMask = 2147483647;
			files = (
				31BD60642B5D7536007ACEE3 /* Preview Assets.xcassets in Resources */,
				31BD60602B5D7536007ACEE3 /* Assets.xcassets in Resources */,
			);
			runOnlyForDeploymentPostprocessing = 0;
		};
		31BD60682B5D7536007ACEE3 /* Resources */ = {
			isa = PBXResourcesBuildPhase;
			buildActionMask = 2147483647;
			files = (
			);
			runOnlyForDeploymentPostprocessing = 0;
		};
		31BD60722B5D7536007ACEE3 /* Resources */ = {
			isa = PBXResourcesBuildPhase;
			buildActionMask = 2147483647;
			files = (
			);
			runOnlyForDeploymentPostprocessing = 0;
		};
		31BD60A72B5D7700007ACEE3 /* Resources */ = {
			isa = PBXResourcesBuildPhase;
			buildActionMask = 2147483647;
			files = (
				31BD60A82B5D7700007ACEE3 /* Preview Assets.xcassets in Resources */,
				31BD60A92B5D7700007ACEE3 /* Assets.xcassets in Resources */,
			);
			runOnlyForDeploymentPostprocessing = 0;
		};
/* End PBXResourcesBuildPhase section */

/* Begin PBXSourcesBuildPhase section */
		31BD60522B5D7535007ACEE3 /* Sources */ = {
			isa = PBXSourcesBuildPhase;
			buildActionMask = 2147483647;
			files = (
				31BD605C2B5D7535007ACEE3 /* ContentView.swift in Sources */,
				31BD605E2B5D7535007ACEE3 /* Item.swift in Sources */,
				31BD605A2B5D7535007ACEE3 /* PiStatsApp.swift in Sources */,
			);
			runOnlyForDeploymentPostprocessing = 0;
		};
		31BD60662B5D7536007ACEE3 /* Sources */ = {
			isa = PBXSourcesBuildPhase;
			buildActionMask = 2147483647;
			files = (
				31BD606F2B5D7536007ACEE3 /* PiStatsTests.swift in Sources */,
			);
			runOnlyForDeploymentPostprocessing = 0;
		};
		31BD60702B5D7536007ACEE3 /* Sources */ = {
			isa = PBXSourcesBuildPhase;
			buildActionMask = 2147483647;
			files = (
				31BD60792B5D7536007ACEE3 /* PiStatsUITests.swift in Sources */,
				31BD607B2B5D7536007ACEE3 /* PiStatsUITestsLaunchTests.swift in Sources */,
			);
			runOnlyForDeploymentPostprocessing = 0;
		};
		31BD60A22B5D7700007ACEE3 /* Sources */ = {
			isa = PBXSourcesBuildPhase;
			buildActionMask = 2147483647;
			files = (
				31BD60A32B5D7700007ACEE3 /* ContentView.swift in Sources */,
				31BD60B02B5D77E2007ACEE3 /* MacTest.swift in Sources */,
				31BD60A42B5D7700007ACEE3 /* Item.swift in Sources */,
				31BD60A52B5D7700007ACEE3 /* PiStatsApp.swift in Sources */,
			);
			runOnlyForDeploymentPostprocessing = 0;
		};
/* End PBXSourcesBuildPhase section */

/* Begin PBXTargetDependency section */
		31BD606C2B5D7536007ACEE3 /* PBXTargetDependency */ = {
			isa = PBXTargetDependency;
			target = 31BD60552B5D7535007ACEE3 /* PiStats (iOS) */;
			targetProxy = 31BD606B2B5D7536007ACEE3 /* PBXContainerItemProxy */;
		};
		31BD60762B5D7536007ACEE3 /* PBXTargetDependency */ = {
			isa = PBXTargetDependency;
			target = 31BD60552B5D7535007ACEE3 /* PiStats (iOS) */;
			targetProxy = 31BD60752B5D7536007ACEE3 /* PBXContainerItemProxy */;
		};
/* End PBXTargetDependency section */

/* Begin XCBuildConfiguration section */
		31BD607C2B5D7536007ACEE3 /* Debug */ = {
			isa = XCBuildConfiguration;
			buildSettings = {
				ALWAYS_SEARCH_USER_PATHS = NO;
				ASSETCATALOG_COMPILER_GENERATE_SWIFT_ASSET_SYMBOL_EXTENSIONS = YES;
				CLANG_ANALYZER_NONNULL = YES;
				CLANG_ANALYZER_NUMBER_OBJECT_CONVERSION = YES_AGGRESSIVE;
				CLANG_CXX_LANGUAGE_STANDARD = "gnu++20";
				CLANG_ENABLE_MODULES = YES;
				CLANG_ENABLE_OBJC_ARC = YES;
				CLANG_ENABLE_OBJC_WEAK = YES;
				CLANG_WARN_BLOCK_CAPTURE_AUTORELEASING = YES;
				CLANG_WARN_BOOL_CONVERSION = YES;
				CLANG_WARN_COMMA = YES;
				CLANG_WARN_CONSTANT_CONVERSION = YES;
				CLANG_WARN_DEPRECATED_OBJC_IMPLEMENTATIONS = YES;
				CLANG_WARN_DIRECT_OBJC_ISA_USAGE = YES_ERROR;
				CLANG_WARN_DOCUMENTATION_COMMENTS = YES;
				CLANG_WARN_EMPTY_BODY = YES;
				CLANG_WARN_ENUM_CONVERSION = YES;
				CLANG_WARN_INFINITE_RECURSION = YES;
				CLANG_WARN_INT_CONVERSION = YES;
				CLANG_WARN_NON_LITERAL_NULL_CONVERSION = YES;
				CLANG_WARN_OBJC_IMPLICIT_RETAIN_SELF = YES;
				CLANG_WARN_OBJC_LITERAL_CONVERSION = YES;
				CLANG_WARN_OBJC_ROOT_CLASS = YES_ERROR;
				CLANG_WARN_QUOTED_INCLUDE_IN_FRAMEWORK_HEADER = YES;
				CLANG_WARN_RANGE_LOOP_ANALYSIS = YES;
				CLANG_WARN_STRICT_PROTOTYPES = YES;
				CLANG_WARN_SUSPICIOUS_MOVE = YES;
				CLANG_WARN_UNGUARDED_AVAILABILITY = YES_AGGRESSIVE;
				CLANG_WARN_UNREACHABLE_CODE = YES;
				CLANG_WARN__DUPLICATE_METHOD_MATCH = YES;
				COPY_PHASE_STRIP = NO;
				DEBUG_INFORMATION_FORMAT = dwarf;
				ENABLE_STRICT_OBJC_MSGSEND = YES;
				ENABLE_TESTABILITY = YES;
				ENABLE_USER_SCRIPT_SANDBOXING = YES;
				GCC_C_LANGUAGE_STANDARD = gnu17;
				GCC_DYNAMIC_NO_PIC = NO;
				GCC_NO_COMMON_BLOCKS = YES;
				GCC_OPTIMIZATION_LEVEL = 0;
				GCC_PREPROCESSOR_DEFINITIONS = (
					"DEBUG=1",
					"$(inherited)",
				);
				GCC_WARN_64_TO_32_BIT_CONVERSION = YES;
				GCC_WARN_ABOUT_RETURN_TYPE = YES_ERROR;
				GCC_WARN_UNDECLARED_SELECTOR = YES;
				GCC_WARN_UNINITIALIZED_AUTOS = YES_AGGRESSIVE;
				GCC_WARN_UNUSED_FUNCTION = YES;
				GCC_WARN_UNUSED_VARIABLE = YES;
				LOCALIZATION_PREFERS_STRING_CATALOGS = YES;
				MTL_ENABLE_DEBUG_INFO = INCLUDE_SOURCE;
				MTL_FAST_MATH = YES;
				ONLY_ACTIVE_ARCH = YES;
				SWIFT_ACTIVE_COMPILATION_CONDITIONS = "DEBUG $(inherited)";
				SWIFT_OPTIMIZATION_LEVEL = "-Onone";
			};
			name = Debug;
		};
		31BD607D2B5D7536007ACEE3 /* Release */ = {
			isa = XCBuildConfiguration;
			buildSettings = {
				ALWAYS_SEARCH_USER_PATHS = NO;
				ASSETCATALOG_COMPILER_GENERATE_SWIFT_ASSET_SYMBOL_EXTENSIONS = YES;
				CLANG_ANALYZER_NONNULL = YES;
				CLANG_ANALYZER_NUMBER_OBJECT_CONVERSION = YES_AGGRESSIVE;
				CLANG_CXX_LANGUAGE_STANDARD = "gnu++20";
				CLANG_ENABLE_MODULES = YES;
				CLANG_ENABLE_OBJC_ARC = YES;
				CLANG_ENABLE_OBJC_WEAK = YES;
				CLANG_WARN_BLOCK_CAPTURE_AUTORELEASING = YES;
				CLANG_WARN_BOOL_CONVERSION = YES;
				CLANG_WARN_COMMA = YES;
				CLANG_WARN_CONSTANT_CONVERSION = YES;
				CLANG_WARN_DEPRECATED_OBJC_IMPLEMENTATIONS = YES;
				CLANG_WARN_DIRECT_OBJC_ISA_USAGE = YES_ERROR;
				CLANG_WARN_DOCUMENTATION_COMMENTS = YES;
				CLANG_WARN_EMPTY_BODY = YES;
				CLANG_WARN_ENUM_CONVERSION = YES;
				CLANG_WARN_INFINITE_RECURSION = YES;
				CLANG_WARN_INT_CONVERSION = YES;
				CLANG_WARN_NON_LITERAL_NULL_CONVERSION = YES;
				CLANG_WARN_OBJC_IMPLICIT_RETAIN_SELF = YES;
				CLANG_WARN_OBJC_LITERAL_CONVERSION = YES;
				CLANG_WARN_OBJC_ROOT_CLASS = YES_ERROR;
				CLANG_WARN_QUOTED_INCLUDE_IN_FRAMEWORK_HEADER = YES;
				CLANG_WARN_RANGE_LOOP_ANALYSIS = YES;
				CLANG_WARN_STRICT_PROTOTYPES = YES;
				CLANG_WARN_SUSPICIOUS_MOVE = YES;
				CLANG_WARN_UNGUARDED_AVAILABILITY = YES_AGGRESSIVE;
				CLANG_WARN_UNREACHABLE_CODE = YES;
				CLANG_WARN__DUPLICATE_METHOD_MATCH = YES;
				COPY_PHASE_STRIP = NO;
				DEBUG_INFORMATION_FORMAT = "dwarf-with-dsym";
				ENABLE_NS_ASSERTIONS = NO;
				ENABLE_STRICT_OBJC_MSGSEND = YES;
				ENABLE_USER_SCRIPT_SANDBOXING = YES;
				GCC_C_LANGUAGE_STANDARD = gnu17;
				GCC_NO_COMMON_BLOCKS = YES;
				GCC_WARN_64_TO_32_BIT_CONVERSION = YES;
				GCC_WARN_ABOUT_RETURN_TYPE = YES_ERROR;
				GCC_WARN_UNDECLARED_SELECTOR = YES;
				GCC_WARN_UNINITIALIZED_AUTOS = YES_AGGRESSIVE;
				GCC_WARN_UNUSED_FUNCTION = YES;
				GCC_WARN_UNUSED_VARIABLE = YES;
				LOCALIZATION_PREFERS_STRING_CATALOGS = YES;
				MTL_ENABLE_DEBUG_INFO = NO;
				MTL_FAST_MATH = YES;
				SWIFT_COMPILATION_MODE = wholemodule;
			};
			name = Release;
		};
		31BD607F2B5D7536007ACEE3 /* Debug */ = {
			isa = XCBuildConfiguration;
			buildSettings = {
				ASSETCATALOG_COMPILER_APPICON_NAME = AppIcon;
				ASSETCATALOG_COMPILER_GLOBAL_ACCENT_COLOR_NAME = AccentColor;
				CODE_SIGN_ENTITLEMENTS = PiStats/PiStats.entitlements;
				CODE_SIGN_STYLE = Automatic;
				CURRENT_PROJECT_VERSION = 1;
				DEVELOPMENT_ASSET_PATHS = "\"PiStats/Preview Content\"";
				DEVELOPMENT_TEAM = B2RUA6XMHC;
				ENABLE_HARDENED_RUNTIME = YES;
				ENABLE_PREVIEWS = YES;
				GENERATE_INFOPLIST_FILE = YES;
				INFOPLIST_FILE = PiStats/Info.plist;
				"INFOPLIST_KEY_UIApplicationSceneManifest_Generation[sdk=iphoneos*]" = YES;
				"INFOPLIST_KEY_UIApplicationSceneManifest_Generation[sdk=iphonesimulator*]" = YES;
				"INFOPLIST_KEY_UIApplicationSupportsIndirectInputEvents[sdk=iphoneos*]" = YES;
				"INFOPLIST_KEY_UIApplicationSupportsIndirectInputEvents[sdk=iphonesimulator*]" = YES;
				"INFOPLIST_KEY_UILaunchScreen_Generation[sdk=iphoneos*]" = YES;
				"INFOPLIST_KEY_UILaunchScreen_Generation[sdk=iphonesimulator*]" = YES;
				"INFOPLIST_KEY_UIStatusBarStyle[sdk=iphoneos*]" = UIStatusBarStyleDefault;
				"INFOPLIST_KEY_UIStatusBarStyle[sdk=iphonesimulator*]" = UIStatusBarStyleDefault;
				INFOPLIST_KEY_UISupportedInterfaceOrientations_iPad = "UIInterfaceOrientationPortrait UIInterfaceOrientationPortraitUpsideDown UIInterfaceOrientationLandscapeLeft UIInterfaceOrientationLandscapeRight";
				INFOPLIST_KEY_UISupportedInterfaceOrientations_iPhone = "UIInterfaceOrientationPortrait UIInterfaceOrientationLandscapeLeft UIInterfaceOrientationLandscapeRight";
				IPHONEOS_DEPLOYMENT_TARGET = 17.2;
				LD_RUNPATH_SEARCH_PATHS = "@executable_path/Frameworks";
				"LD_RUNPATH_SEARCH_PATHS[sdk=macosx*]" = "@executable_path/../Frameworks";
				MACOSX_DEPLOYMENT_TARGET = 14.0;
				MARKETING_VERSION = 1.0;
				PRODUCT_BUNDLE_IDENTIFIER = dev.bunn.PiStats;
				PRODUCT_NAME = "$(TARGET_NAME)";
				SDKROOT = auto;
				SUPPORTED_PLATFORMS = "iphoneos iphonesimulator macosx";
				SWIFT_EMIT_LOC_STRINGS = YES;
				SWIFT_VERSION = 5.0;
				TARGETED_DEVICE_FAMILY = "1,2";
			};
			name = Debug;
		};
		31BD60802B5D7536007ACEE3 /* Release */ = {
			isa = XCBuildConfiguration;
			buildSettings = {
				ASSETCATALOG_COMPILER_APPICON_NAME = AppIcon;
				ASSETCATALOG_COMPILER_GLOBAL_ACCENT_COLOR_NAME = AccentColor;
				CODE_SIGN_ENTITLEMENTS = PiStats/PiStats.entitlements;
				CODE_SIGN_STYLE = Automatic;
				CURRENT_PROJECT_VERSION = 1;
				DEVELOPMENT_ASSET_PATHS = "\"PiStats/Preview Content\"";
				DEVELOPMENT_TEAM = B2RUA6XMHC;
				ENABLE_HARDENED_RUNTIME = YES;
				ENABLE_PREVIEWS = YES;
				GENERATE_INFOPLIST_FILE = YES;
				INFOPLIST_FILE = PiStats/Info.plist;
				"INFOPLIST_KEY_UIApplicationSceneManifest_Generation[sdk=iphoneos*]" = YES;
				"INFOPLIST_KEY_UIApplicationSceneManifest_Generation[sdk=iphonesimulator*]" = YES;
				"INFOPLIST_KEY_UIApplicationSupportsIndirectInputEvents[sdk=iphoneos*]" = YES;
				"INFOPLIST_KEY_UIApplicationSupportsIndirectInputEvents[sdk=iphonesimulator*]" = YES;
				"INFOPLIST_KEY_UILaunchScreen_Generation[sdk=iphoneos*]" = YES;
				"INFOPLIST_KEY_UILaunchScreen_Generation[sdk=iphonesimulator*]" = YES;
				"INFOPLIST_KEY_UIStatusBarStyle[sdk=iphoneos*]" = UIStatusBarStyleDefault;
				"INFOPLIST_KEY_UIStatusBarStyle[sdk=iphonesimulator*]" = UIStatusBarStyleDefault;
				INFOPLIST_KEY_UISupportedInterfaceOrientations_iPad = "UIInterfaceOrientationPortrait UIInterfaceOrientationPortraitUpsideDown UIInterfaceOrientationLandscapeLeft UIInterfaceOrientationLandscapeRight";
				INFOPLIST_KEY_UISupportedInterfaceOrientations_iPhone = "UIInterfaceOrientationPortrait UIInterfaceOrientationLandscapeLeft UIInterfaceOrientationLandscapeRight";
				IPHONEOS_DEPLOYMENT_TARGET = 17.2;
				LD_RUNPATH_SEARCH_PATHS = "@executable_path/Frameworks";
				"LD_RUNPATH_SEARCH_PATHS[sdk=macosx*]" = "@executable_path/../Frameworks";
				MACOSX_DEPLOYMENT_TARGET = 14.0;
				MARKETING_VERSION = 1.0;
				PRODUCT_BUNDLE_IDENTIFIER = dev.bunn.PiStats;
				PRODUCT_NAME = "$(TARGET_NAME)";
				SDKROOT = auto;
				SUPPORTED_PLATFORMS = "iphoneos iphonesimulator macosx";
				SWIFT_EMIT_LOC_STRINGS = YES;
				SWIFT_VERSION = 5.0;
				TARGETED_DEVICE_FAMILY = "1,2";
			};
			name = Release;
		};
		31BD60822B5D7536007ACEE3 /* Debug */ = {
			isa = XCBuildConfiguration;
			buildSettings = {
				ALWAYS_EMBED_SWIFT_STANDARD_LIBRARIES = YES;
				BUNDLE_LOADER = "$(TEST_HOST)";
				CODE_SIGN_STYLE = Automatic;
				CURRENT_PROJECT_VERSION = 1;
				DEVELOPMENT_TEAM = B2RUA6XMHC;
				GENERATE_INFOPLIST_FILE = YES;
				IPHONEOS_DEPLOYMENT_TARGET = 17.2;
				MACOSX_DEPLOYMENT_TARGET = 14.2;
				MARKETING_VERSION = 1.0;
				PRODUCT_BUNDLE_IDENTIFIER = dev.bunn.PiStatsTests;
				PRODUCT_NAME = "$(TARGET_NAME)";
				SDKROOT = auto;
				SUPPORTED_PLATFORMS = "iphoneos iphonesimulator macosx";
				SWIFT_EMIT_LOC_STRINGS = NO;
				SWIFT_VERSION = 5.0;
				TARGETED_DEVICE_FAMILY = "1,2";
				TEST_HOST = "$(BUILT_PRODUCTS_DIR)/PiStats.app/$(BUNDLE_EXECUTABLE_FOLDER_PATH)/PiStats";
			};
			name = Debug;
		};
		31BD60832B5D7536007ACEE3 /* Release */ = {
			isa = XCBuildConfiguration;
			buildSettings = {
				ALWAYS_EMBED_SWIFT_STANDARD_LIBRARIES = YES;
				BUNDLE_LOADER = "$(TEST_HOST)";
				CODE_SIGN_STYLE = Automatic;
				CURRENT_PROJECT_VERSION = 1;
				DEVELOPMENT_TEAM = B2RUA6XMHC;
				GENERATE_INFOPLIST_FILE = YES;
				IPHONEOS_DEPLOYMENT_TARGET = 17.2;
				MACOSX_DEPLOYMENT_TARGET = 14.2;
				MARKETING_VERSION = 1.0;
				PRODUCT_BUNDLE_IDENTIFIER = dev.bunn.PiStatsTests;
				PRODUCT_NAME = "$(TARGET_NAME)";
				SDKROOT = auto;
				SUPPORTED_PLATFORMS = "iphoneos iphonesimulator macosx";
				SWIFT_EMIT_LOC_STRINGS = NO;
				SWIFT_VERSION = 5.0;
				TARGETED_DEVICE_FAMILY = "1,2";
				TEST_HOST = "$(BUILT_PRODUCTS_DIR)/PiStats.app/$(BUNDLE_EXECUTABLE_FOLDER_PATH)/PiStats";
			};
			name = Release;
		};
		31BD60852B5D7536007ACEE3 /* Debug */ = {
			isa = XCBuildConfiguration;
			buildSettings = {
				ALWAYS_EMBED_SWIFT_STANDARD_LIBRARIES = YES;
				CODE_SIGN_STYLE = Automatic;
				CURRENT_PROJECT_VERSION = 1;
				DEVELOPMENT_TEAM = B2RUA6XMHC;
				GENERATE_INFOPLIST_FILE = YES;
				IPHONEOS_DEPLOYMENT_TARGET = 17.2;
				MACOSX_DEPLOYMENT_TARGET = 14.2;
				MARKETING_VERSION = 1.0;
				PRODUCT_BUNDLE_IDENTIFIER = dev.bunn.PiStatsUITests;
				PRODUCT_NAME = "$(TARGET_NAME)";
				SDKROOT = auto;
				SUPPORTED_PLATFORMS = "iphoneos iphonesimulator macosx";
				SWIFT_EMIT_LOC_STRINGS = NO;
				SWIFT_VERSION = 5.0;
				TARGETED_DEVICE_FAMILY = "1,2";
				TEST_TARGET_NAME = PiStats;
			};
			name = Debug;
		};
		31BD60862B5D7536007ACEE3 /* Release */ = {
			isa = XCBuildConfiguration;
			buildSettings = {
				ALWAYS_EMBED_SWIFT_STANDARD_LIBRARIES = YES;
				CODE_SIGN_STYLE = Automatic;
				CURRENT_PROJECT_VERSION = 1;
				DEVELOPMENT_TEAM = B2RUA6XMHC;
				GENERATE_INFOPLIST_FILE = YES;
				IPHONEOS_DEPLOYMENT_TARGET = 17.2;
				MACOSX_DEPLOYMENT_TARGET = 14.2;
				MARKETING_VERSION = 1.0;
				PRODUCT_BUNDLE_IDENTIFIER = dev.bunn.PiStatsUITests;
				PRODUCT_NAME = "$(TARGET_NAME)";
				SDKROOT = auto;
				SUPPORTED_PLATFORMS = "iphoneos iphonesimulator macosx";
				SWIFT_EMIT_LOC_STRINGS = NO;
				SWIFT_VERSION = 5.0;
				TARGETED_DEVICE_FAMILY = "1,2";
				TEST_TARGET_NAME = PiStats;
			};
			name = Release;
		};
		31BD60AB2B5D7700007ACEE3 /* Debug */ = {
			isa = XCBuildConfiguration;
			buildSettings = {
				ASSETCATALOG_COMPILER_APPICON_NAME = AppIcon;
				ASSETCATALOG_COMPILER_GLOBAL_ACCENT_COLOR_NAME = AccentColor;
				CODE_SIGN_ENTITLEMENTS = PiStats/PiStats.entitlements;
				CODE_SIGN_STYLE = Automatic;
				CURRENT_PROJECT_VERSION = 1;
				DEVELOPMENT_ASSET_PATHS = "\"PiStats/Preview Content\"";
				DEVELOPMENT_TEAM = B2RUA6XMHC;
				ENABLE_HARDENED_RUNTIME = YES;
				ENABLE_PREVIEWS = YES;
				GENERATE_INFOPLIST_FILE = YES;
				INFOPLIST_FILE = "PiStats-macOS-Info.plist";
				"INFOPLIST_KEY_UIApplicationSceneManifest_Generation[sdk=iphoneos*]" = YES;
				"INFOPLIST_KEY_UIApplicationSceneManifest_Generation[sdk=iphonesimulator*]" = YES;
				"INFOPLIST_KEY_UIApplicationSupportsIndirectInputEvents[sdk=iphoneos*]" = YES;
				"INFOPLIST_KEY_UIApplicationSupportsIndirectInputEvents[sdk=iphonesimulator*]" = YES;
				"INFOPLIST_KEY_UILaunchScreen_Generation[sdk=iphoneos*]" = YES;
				"INFOPLIST_KEY_UILaunchScreen_Generation[sdk=iphonesimulator*]" = YES;
				"INFOPLIST_KEY_UIStatusBarStyle[sdk=iphoneos*]" = UIStatusBarStyleDefault;
				"INFOPLIST_KEY_UIStatusBarStyle[sdk=iphonesimulator*]" = UIStatusBarStyleDefault;
				INFOPLIST_KEY_UISupportedInterfaceOrientations_iPad = "UIInterfaceOrientationPortrait UIInterfaceOrientationPortraitUpsideDown UIInterfaceOrientationLandscapeLeft UIInterfaceOrientationLandscapeRight";
				INFOPLIST_KEY_UISupportedInterfaceOrientations_iPhone = "UIInterfaceOrientationPortrait UIInterfaceOrientationLandscapeLeft UIInterfaceOrientationLandscapeRight";
				IPHONEOS_DEPLOYMENT_TARGET = 17.2;
				LD_RUNPATH_SEARCH_PATHS = "@executable_path/Frameworks";
				"LD_RUNPATH_SEARCH_PATHS[sdk=macosx*]" = "@executable_path/../Frameworks";
				MACOSX_DEPLOYMENT_TARGET = 14.0;
				MARKETING_VERSION = 1.0;
				PRODUCT_BUNDLE_IDENTIFIER = dev.bunn.PiStats;
				PRODUCT_NAME = "$(TARGET_NAME)";
				SDKROOT = auto;
				SUPPORTED_PLATFORMS = macosx;
				SUPPORTS_MACCATALYST = NO;
				SWIFT_EMIT_LOC_STRINGS = YES;
				SWIFT_VERSION = 5.0;
			};
			name = Debug;
		};
		31BD60AC2B5D7700007ACEE3 /* Release */ = {
			isa = XCBuildConfiguration;
			buildSettings = {
				ASSETCATALOG_COMPILER_APPICON_NAME = AppIcon;
				ASSETCATALOG_COMPILER_GLOBAL_ACCENT_COLOR_NAME = AccentColor;
				CODE_SIGN_ENTITLEMENTS = PiStats/PiStats.entitlements;
				CODE_SIGN_STYLE = Automatic;
				CURRENT_PROJECT_VERSION = 1;
				DEVELOPMENT_ASSET_PATHS = "\"PiStats/Preview Content\"";
				DEVELOPMENT_TEAM = B2RUA6XMHC;
				ENABLE_HARDENED_RUNTIME = YES;
				ENABLE_PREVIEWS = YES;
				GENERATE_INFOPLIST_FILE = YES;
				INFOPLIST_FILE = "PiStats-macOS-Info.plist";
				"INFOPLIST_KEY_UIApplicationSceneManifest_Generation[sdk=iphoneos*]" = YES;
				"INFOPLIST_KEY_UIApplicationSceneManifest_Generation[sdk=iphonesimulator*]" = YES;
				"INFOPLIST_KEY_UIApplicationSupportsIndirectInputEvents[sdk=iphoneos*]" = YES;
				"INFOPLIST_KEY_UIApplicationSupportsIndirectInputEvents[sdk=iphonesimulator*]" = YES;
				"INFOPLIST_KEY_UILaunchScreen_Generation[sdk=iphoneos*]" = YES;
				"INFOPLIST_KEY_UILaunchScreen_Generation[sdk=iphonesimulator*]" = YES;
				"INFOPLIST_KEY_UIStatusBarStyle[sdk=iphoneos*]" = UIStatusBarStyleDefault;
				"INFOPLIST_KEY_UIStatusBarStyle[sdk=iphonesimulator*]" = UIStatusBarStyleDefault;
				INFOPLIST_KEY_UISupportedInterfaceOrientations_iPad = "UIInterfaceOrientationPortrait UIInterfaceOrientationPortraitUpsideDown UIInterfaceOrientationLandscapeLeft UIInterfaceOrientationLandscapeRight";
				INFOPLIST_KEY_UISupportedInterfaceOrientations_iPhone = "UIInterfaceOrientationPortrait UIInterfaceOrientationLandscapeLeft UIInterfaceOrientationLandscapeRight";
				IPHONEOS_DEPLOYMENT_TARGET = 17.2;
				LD_RUNPATH_SEARCH_PATHS = "@executable_path/Frameworks";
				"LD_RUNPATH_SEARCH_PATHS[sdk=macosx*]" = "@executable_path/../Frameworks";
				MACOSX_DEPLOYMENT_TARGET = 14.0;
				MARKETING_VERSION = 1.0;
				PRODUCT_BUNDLE_IDENTIFIER = dev.bunn.PiStats;
				PRODUCT_NAME = "$(TARGET_NAME)";
				SDKROOT = auto;
				SUPPORTED_PLATFORMS = macosx;
				SUPPORTS_MACCATALYST = NO;
				SWIFT_EMIT_LOC_STRINGS = YES;
				SWIFT_VERSION = 5.0;
			};
			name = Release;
		};
/* End XCBuildConfiguration section */

/* Begin XCConfigurationList section */
		31BD60512B5D7535007ACEE3 /* Build configuration list for PBXProject "PiStats" */ = {
			isa = XCConfigurationList;
			buildConfigurations = (
				31BD607C2B5D7536007ACEE3 /* Debug */,
				31BD607D2B5D7536007ACEE3 /* Release */,
			);
			defaultConfigurationIsVisible = 0;
			defaultConfigurationName = Release;
		};
		31BD607E2B5D7536007ACEE3 /* Build configuration list for PBXNativeTarget "PiStats (iOS)" */ = {
			isa = XCConfigurationList;
			buildConfigurations = (
				31BD607F2B5D7536007ACEE3 /* Debug */,
				31BD60802B5D7536007ACEE3 /* Release */,
			);
			defaultConfigurationIsVisible = 0;
			defaultConfigurationName = Release;
		};
		31BD60812B5D7536007ACEE3 /* Build configuration list for PBXNativeTarget "PiStatsTests" */ = {
			isa = XCConfigurationList;
			buildConfigurations = (
				31BD60822B5D7536007ACEE3 /* Debug */,
				31BD60832B5D7536007ACEE3 /* Release */,
			);
			defaultConfigurationIsVisible = 0;
			defaultConfigurationName = Release;
		};
		31BD60842B5D7536007ACEE3 /* Build configuration list for PBXNativeTarget "PiStatsUITests" */ = {
			isa = XCConfigurationList;
			buildConfigurations = (
				31BD60852B5D7536007ACEE3 /* Debug */,
				31BD60862B5D7536007ACEE3 /* Release */,
			);
			defaultConfigurationIsVisible = 0;
			defaultConfigurationName = Release;
		};
		31BD60AA2B5D7700007ACEE3 /* Build configuration list for PBXNativeTarget "PiStats (macOS)" */ = {
			isa = XCConfigurationList;
			buildConfigurations = (
				31BD60AB2B5D7700007ACEE3 /* Debug */,
				31BD60AC2B5D7700007ACEE3 /* Release */,
			);
			defaultConfigurationIsVisible = 0;
			defaultConfigurationName = Release;
		};
/* End XCConfigurationList section */
	};
	rootObject = 31BD604E2B5D7535007ACEE3 /* Project object */;
}
