// !$*UTF8*$!
{
	archiveVersion = 1;
	classes = {
	};
	objectVersion = 52;
	objects = {

/* Begin PBXBuildFile section */
		3114424124732D9D00042625 /* SwiftHole in Frameworks */ = {isa = PBXBuildFile; productRef = 3114424024732D9D00042625 /* SwiftHole */; };
		3124948C24701BD300634933 /* KeyChainPasswordItem.swift in Sources */ = {isa = PBXBuildFile; fileRef = 3124948B24701BD300634933 /* KeyChainPasswordItem.swift */; };
		3124948E24701D2800634933 /* APIToken.swift in Sources */ = {isa = PBXBuildFile; fileRef = 3124948D24701D2800634933 /* APIToken.swift */; };
		3129E20224F2B79800473269 /* ToolTip.swift in Sources */ = {isa = PBXBuildFile; fileRef = 3129E20124F2B79800473269 /* ToolTip.swift */; };
		313278EA2469FD7C00520124 /* UIConstants.swift in Sources */ = {isa = PBXBuildFile; fileRef = 313278E92469FD7C00520124 /* UIConstants.swift */; };
		313278EE246A086000520124 /* UserPreferences.swift in Sources */ = {isa = PBXBuildFile; fileRef = 313278ED246A086000520124 /* UserPreferences.swift */; };
		313408DB24688456005D73E7 /* SummaryViewController.swift in Sources */ = {isa = PBXBuildFile; fileRef = 313408DA24688456005D73E7 /* SummaryViewController.swift */; };
		313408DD24689028005D73E7 /* PiholeListConfigView.swift in Sources */ = {isa = PBXBuildFile; fileRef = 313408DC24689028005D73E7 /* PiholeListConfigView.swift */; };
		3150BE8B2483149400EF0EF6 /* PiholeItemConfigView.swift in Sources */ = {isa = PBXBuildFile; fileRef = 3150BE8A2483149400EF0EF6 /* PiholeItemConfigView.swift */; };
		315CA2D8247925A10079F555 /* PreferencesView.swift in Sources */ = {isa = PBXBuildFile; fileRef = 315CA2D7247925A10079F555 /* PreferencesView.swift */; };
		315CA2DC247931FE0079F555 /* SharedFileList.m in Sources */ = {isa = PBXBuildFile; fileRef = 315CA2DB247931FE0079F555 /* SharedFileList.m */; };
		3160C4F5247875D600FAB226 /* MenuController.swift in Sources */ = {isa = PBXBuildFile; fileRef = 3160C4F4247875D600FAB226 /* MenuController.swift */; };
		3160C4F7247876AC00FAB226 /* EventMonitor.swift in Sources */ = {isa = PBXBuildFile; fileRef = 3160C4F6247876AC00FAB226 /* EventMonitor.swift */; };
		3160C4FD2478791000FAB226 /* AboutView.swift in Sources */ = {isa = PBXBuildFile; fileRef = 3160C4FC2478791000FAB226 /* AboutView.swift */; };
		3160C50324787AF300FAB226 /* PreferencesViewController.swift in Sources */ = {isa = PBXBuildFile; fileRef = 3160C50224787AF300FAB226 /* PreferencesViewController.swift */; };
		31653448248C261B00733357 /* Preferences in Frameworks */ = {isa = PBXBuildFile; productRef = 31653447248C261B00733357 /* Preferences */; };
		31718236246B22E1003BBF0C /* SummaryItem.swift in Sources */ = {isa = PBXBuildFile; fileRef = 31718235246B22E1003BBF0C /* SummaryItem.swift */; };
		317278892468AED900B5BE3D /* SummaryView.swift in Sources */ = {isa = PBXBuildFile; fileRef = 317278882468AED900B5BE3D /* SummaryView.swift */; };
		3173B1D6248F8A97000343BB /* PiholeListViewModel.swift in Sources */ = {isa = PBXBuildFile; fileRef = 3173B1D5248F8A97000343BB /* PiholeListViewModel.swift */; };
		31844F5C24D70CCE006CB0F7 /* EqualFrame.swift in Sources */ = {isa = PBXBuildFile; fileRef = 31844F5B24D70CCD006CB0F7 /* EqualFrame.swift */; };
		319044D824788C2D00BE4797 /* NavigationController.swift in Sources */ = {isa = PBXBuildFile; fileRef = 319044D724788C2D00BE4797 /* NavigationController.swift */; };
		319084BC2454920700D47980 /* AppDelegate.swift in Sources */ = {isa = PBXBuildFile; fileRef = 319084BB2454920700D47980 /* AppDelegate.swift */; };
		319084C02454920900D47980 /* Assets.xcassets in Resources */ = {isa = PBXBuildFile; fileRef = 319084BF2454920900D47980 /* Assets.xcassets */; };
		319084C32454920900D47980 /* Preview Assets.xcassets in Resources */ = {isa = PBXBuildFile; fileRef = 319084C22454920900D47980 /* Preview Assets.xcassets */; };
		319084C62454920900D47980 /* Main.storyboard in Resources */ = {isa = PBXBuildFile; fileRef = 319084C42454920900D47980 /* Main.storyboard */; };
		319F10952483F04A003EB3CD /* PiholeViewModel.swift in Sources */ = {isa = PBXBuildFile; fileRef = 319F10942483F04A003EB3CD /* PiholeViewModel.swift */; };
		31ABD138247B14B700D76618 /* PiholeDataProvider.swift in Sources */ = {isa = PBXBuildFile; fileRef = 31ABD137247B14B700D76618 /* PiholeDataProvider.swift */; };
		31ABD13A247B14C200D76618 /* Pihole.swift in Sources */ = {isa = PBXBuildFile; fileRef = 31ABD139247B14C200D76618 /* Pihole.swift */; };
		31CC8174249F8072008DA24C /* DataMigrationManager.swift in Sources */ = {isa = PBXBuildFile; fileRef = 31CC8173249F8072008DA24C /* DataMigrationManager.swift */; };
		31CC8176249FA290008DA24C /* Logger.swift in Sources */ = {isa = PBXBuildFile; fileRef = 31CC8175249FA290008DA24C /* Logger.swift */; };
		31DC927924D7103500C6E8F7 /* QRCodeGenerator.swift in Sources */ = {isa = PBXBuildFile; fileRef = 31DC927824D7103500C6E8F7 /* QRCodeGenerator.swift */; };
		63E0AC82257D84E200E20B1E /* AddRemoveButton.swift in Sources */ = {isa = PBXBuildFile; fileRef = 63E0AC81257D84E200E20B1E /* AddRemoveButton.swift */; };
/* End PBXBuildFile section */

/* Begin PBXFileReference section */
		3124948B24701BD300634933 /* KeyChainPasswordItem.swift */ = {isa = PBXFileReference; lastKnownFileType = sourcecode.swift; path = KeyChainPasswordItem.swift; sourceTree = "<group>"; };
		3124948D24701D2800634933 /* APIToken.swift */ = {isa = PBXFileReference; lastKnownFileType = sourcecode.swift; path = APIToken.swift; sourceTree = "<group>"; };
		3129E20124F2B79800473269 /* ToolTip.swift */ = {isa = PBXFileReference; lastKnownFileType = sourcecode.swift; path = ToolTip.swift; sourceTree = "<group>"; };
		313278E92469FD7C00520124 /* UIConstants.swift */ = {isa = PBXFileReference; lastKnownFileType = sourcecode.swift; path = UIConstants.swift; sourceTree = "<group>"; };
		313278ED246A086000520124 /* UserPreferences.swift */ = {isa = PBXFileReference; lastKnownFileType = sourcecode.swift; path = UserPreferences.swift; sourceTree = "<group>"; };
		313408DA24688456005D73E7 /* SummaryViewController.swift */ = {isa = PBXFileReference; lastKnownFileType = sourcecode.swift; path = SummaryViewController.swift; sourceTree = "<group>"; };
		313408DC24689028005D73E7 /* PiholeListConfigView.swift */ = {isa = PBXFileReference; lastKnownFileType = sourcecode.swift; path = PiholeListConfigView.swift; sourceTree = "<group>"; };
		3150BE8A2483149400EF0EF6 /* PiholeItemConfigView.swift */ = {isa = PBXFileReference; lastKnownFileType = sourcecode.swift; path = PiholeItemConfigView.swift; sourceTree = "<group>"; };
		315CA2D7247925A10079F555 /* PreferencesView.swift */ = {isa = PBXFileReference; lastKnownFileType = sourcecode.swift; path = PreferencesView.swift; sourceTree = "<group>"; };
		315CA2D9247931FE0079F555 /* PiHoleStats-Bridging-Header.h */ = {isa = PBXFileReference; lastKnownFileType = sourcecode.c.h; path = "PiHoleStats-Bridging-Header.h"; sourceTree = "<group>"; };
		315CA2DA247931FE0079F555 /* SharedFileList.h */ = {isa = PBXFileReference; lastKnownFileType = sourcecode.c.h; path = SharedFileList.h; sourceTree = "<group>"; };
		315CA2DB247931FE0079F555 /* SharedFileList.m */ = {isa = PBXFileReference; lastKnownFileType = sourcecode.c.objc; path = SharedFileList.m; sourceTree = "<group>"; };
		3160C4F4247875D600FAB226 /* MenuController.swift */ = {isa = PBXFileReference; lastKnownFileType = sourcecode.swift; path = MenuController.swift; sourceTree = "<group>"; };
		3160C4F6247876AC00FAB226 /* EventMonitor.swift */ = {isa = PBXFileReference; lastKnownFileType = sourcecode.swift; path = EventMonitor.swift; sourceTree = "<group>"; };
		3160C4FC2478791000FAB226 /* AboutView.swift */ = {isa = PBXFileReference; lastKnownFileType = sourcecode.swift; path = AboutView.swift; sourceTree = "<group>"; };
		3160C50224787AF300FAB226 /* PreferencesViewController.swift */ = {isa = PBXFileReference; lastKnownFileType = sourcecode.swift; path = PreferencesViewController.swift; sourceTree = "<group>"; };
		31718235246B22E1003BBF0C /* SummaryItem.swift */ = {isa = PBXFileReference; lastKnownFileType = sourcecode.swift; path = SummaryItem.swift; sourceTree = "<group>"; };
		317278882468AED900B5BE3D /* SummaryView.swift */ = {isa = PBXFileReference; lastKnownFileType = sourcecode.swift; path = SummaryView.swift; sourceTree = "<group>"; };
		3173B1D5248F8A97000343BB /* PiholeListViewModel.swift */ = {isa = PBXFileReference; lastKnownFileType = sourcecode.swift; path = PiholeListViewModel.swift; sourceTree = "<group>"; };
		31844F5B24D70CCD006CB0F7 /* EqualFrame.swift */ = {isa = PBXFileReference; fileEncoding = 4; lastKnownFileType = sourcecode.swift; path = EqualFrame.swift; sourceTree = "<group>"; };
		319044D724788C2D00BE4797 /* NavigationController.swift */ = {isa = PBXFileReference; lastKnownFileType = sourcecode.swift; path = NavigationController.swift; sourceTree = "<group>"; };
		319084B82454920700D47980 /* Pi Stats.app */ = {isa = PBXFileReference; explicitFileType = wrapper.application; includeInIndex = 0; path = "Pi Stats.app"; sourceTree = BUILT_PRODUCTS_DIR; };
		319084BB2454920700D47980 /* AppDelegate.swift */ = {isa = PBXFileReference; lastKnownFileType = sourcecode.swift; path = AppDelegate.swift; sourceTree = "<group>"; };
		319084BF2454920900D47980 /* Assets.xcassets */ = {isa = PBXFileReference; lastKnownFileType = folder.assetcatalog; path = Assets.xcassets; sourceTree = "<group>"; };
		319084C22454920900D47980 /* Preview Assets.xcassets */ = {isa = PBXFileReference; lastKnownFileType = folder.assetcatalog; path = "Preview Assets.xcassets"; sourceTree = "<group>"; };
		319084C52454920900D47980 /* Base */ = {isa = PBXFileReference; lastKnownFileType = file.storyboard; name = Base; path = Base.lproj/Main.storyboard; sourceTree = "<group>"; };
		319084C72454920900D47980 /* Info.plist */ = {isa = PBXFileReference; lastKnownFileType = text.plist.xml; path = Info.plist; sourceTree = "<group>"; };
		319084C82454920900D47980 /* PiHoleStats.entitlements */ = {isa = PBXFileReference; lastKnownFileType = text.plist.entitlements; path = PiHoleStats.entitlements; sourceTree = "<group>"; };
		319F10942483F04A003EB3CD /* PiholeViewModel.swift */ = {isa = PBXFileReference; lastKnownFileType = sourcecode.swift; path = PiholeViewModel.swift; sourceTree = "<group>"; };
		31ABD137247B14B700D76618 /* PiholeDataProvider.swift */ = {isa = PBXFileReference; lastKnownFileType = sourcecode.swift; path = PiholeDataProvider.swift; sourceTree = "<group>"; };
		31ABD139247B14C200D76618 /* Pihole.swift */ = {isa = PBXFileReference; lastKnownFileType = sourcecode.swift; path = Pihole.swift; sourceTree = "<group>"; };
		31CC8173249F8072008DA24C /* DataMigrationManager.swift */ = {isa = PBXFileReference; lastKnownFileType = sourcecode.swift; path = DataMigrationManager.swift; sourceTree = "<group>"; };
		31CC8175249FA290008DA24C /* Logger.swift */ = {isa = PBXFileReference; lastKnownFileType = sourcecode.swift; path = Logger.swift; sourceTree = "<group>"; };
		31DC927824D7103500C6E8F7 /* QRCodeGenerator.swift */ = {isa = PBXFileReference; lastKnownFileType = sourcecode.swift; path = QRCodeGenerator.swift; sourceTree = "<group>"; };
		63E0AC81257D84E200E20B1E /* AddRemoveButton.swift */ = {isa = PBXFileReference; lastKnownFileType = sourcecode.swift; path = AddRemoveButton.swift; sourceTree = "<group>"; };
/* End PBXFileReference section */

/* Begin PBXFrameworksBuildPhase section */
		319084B52454920700D47980 /* Frameworks */ = {
			isa = PBXFrameworksBuildPhase;
			buildActionMask = 2147483647;
			files = (
				3114424124732D9D00042625 /* SwiftHole in Frameworks */,
				31653448248C261B00733357 /* Preferences in Frameworks */,
			);
			runOnlyForDeploymentPostprocessing = 0;
		};
/* End PBXFrameworksBuildPhase section */

/* Begin PBXGroup section */
		313278EB246A079000520124 /* Util */ = {
			isa = PBXGroup;
			children = (
				313278E92469FD7C00520124 /* UIConstants.swift */,
				31844F5B24D70CCD006CB0F7 /* EqualFrame.swift */,
				3124948B24701BD300634933 /* KeyChainPasswordItem.swift */,
				3160C4F6247876AC00FAB226 /* EventMonitor.swift */,
				31CC8173249F8072008DA24C /* DataMigrationManager.swift */,
				315CA2DA247931FE0079F555 /* SharedFileList.h */,
				315CA2DB247931FE0079F555 /* SharedFileList.m */,
				315CA2D9247931FE0079F555 /* PiHoleStats-Bridging-Header.h */,
				31CC8175249FA290008DA24C /* Logger.swift */,
				31DC927824D7103500C6E8F7 /* QRCodeGenerator.swift */,
				3129E20124F2B79800473269 /* ToolTip.swift */,
				63E0AC81257D84E200E20B1E /* AddRemoveButton.swift */,
			);
			path = Util;
			sourceTree = "<group>";
		};
		313278EF246A08B900520124 /* ViewModel */ = {
			isa = PBXGroup;
			children = (
				319F10942483F04A003EB3CD /* PiholeViewModel.swift */,
				3173B1D5248F8A97000343BB /* PiholeListViewModel.swift */,
			);
			path = ViewModel;
			sourceTree = "<group>";
		};
		315CA2D5247925220079F555 /* Preferences */ = {
			isa = PBXGroup;
			children = (
				315CA2D7247925A10079F555 /* PreferencesView.swift */,
				3160C4FC2478791000FAB226 /* AboutView.swift */,
				313408DC24689028005D73E7 /* PiholeListConfigView.swift */,
				3150BE8A2483149400EF0EF6 /* PiholeItemConfigView.swift */,
			);
			path = Preferences;
			sourceTree = "<group>";
		};
		315CA2D62479252E0079F555 /* Summary */ = {
			isa = PBXGroup;
			children = (
				317278882468AED900B5BE3D /* SummaryView.swift */,
				31718235246B22E1003BBF0C /* SummaryItem.swift */,
			);
			path = Summary;
			sourceTree = "<group>";
		};
		3160C4F3247875C100FAB226 /* Controllers */ = {
			isa = PBXGroup;
			children = (
				3160C4F4247875D600FAB226 /* MenuController.swift */,
				319044D724788C2D00BE4797 /* NavigationController.swift */,
			);
			path = Controllers;
			sourceTree = "<group>";
		};
		3172788A2468AF1A00B5BE3D /* Views */ = {
			isa = PBXGroup;
			children = (
				315CA2D62479252E0079F555 /* Summary */,
				315CA2D5247925220079F555 /* Preferences */,
			);
			path = Views;
			sourceTree = "<group>";
		};
		3172788B2468AF2600B5BE3D /* ViewControllers */ = {
			isa = PBXGroup;
			children = (
				313408DA24688456005D73E7 /* SummaryViewController.swift */,
				3160C50224787AF300FAB226 /* PreferencesViewController.swift */,
			);
			path = ViewControllers;
			sourceTree = "<group>";
		};
		3172788C2468B02B00B5BE3D /* Model */ = {
			isa = PBXGroup;
			children = (
				313278ED246A086000520124 /* UserPreferences.swift */,
				3124948D24701D2800634933 /* APIToken.swift */,
			);
			path = Model;
			sourceTree = "<group>";
		};
		319084AF2454920700D47980 = {
			isa = PBXGroup;
			children = (
				319084BA2454920700D47980 /* PiHoleStats */,
				319084B92454920700D47980 /* Products */,
			);
			sourceTree = "<group>";
		};
		319084B92454920700D47980 /* Products */ = {
			isa = PBXGroup;
			children = (
				319084B82454920700D47980 /* Pi Stats.app */,
			);
			name = Products;
			sourceTree = "<group>";
		};
		319084BA2454920700D47980 /* PiHoleStats */ = {
			isa = PBXGroup;
			children = (
				31ABD136247B14A700D76618 /* Core */,
				3160C4F3247875C100FAB226 /* Controllers */,
				313278EF246A08B900520124 /* ViewModel */,
				3172788C2468B02B00B5BE3D /* Model */,
				3172788B2468AF2600B5BE3D /* ViewControllers */,
				3172788A2468AF1A00B5BE3D /* Views */,
				313278EB246A079000520124 /* Util */,
				319084BB2454920700D47980 /* AppDelegate.swift */,
				319084BF2454920900D47980 /* Assets.xcassets */,
				319084C42454920900D47980 /* Main.storyboard */,
				319084C72454920900D47980 /* Info.plist */,
				319084C82454920900D47980 /* PiHoleStats.entitlements */,
				319084C12454920900D47980 /* Preview Content */,
			);
			path = PiHoleStats;
			sourceTree = "<group>";
		};
		319084C12454920900D47980 /* Preview Content */ = {
			isa = PBXGroup;
			children = (
				319084C22454920900D47980 /* Preview Assets.xcassets */,
			);
			path = "Preview Content";
			sourceTree = "<group>";
		};
		31ABD136247B14A700D76618 /* Core */ = {
			isa = PBXGroup;
			children = (
				31ABD137247B14B700D76618 /* PiholeDataProvider.swift */,
				31ABD139247B14C200D76618 /* Pihole.swift */,
			);
			path = Core;
			sourceTree = "<group>";
		};
/* End PBXGroup section */

/* Begin PBXNativeTarget section */
		319084B72454920700D47980 /* PiHoleStats */ = {
			isa = PBXNativeTarget;
			buildConfigurationList = 319084CB2454920900D47980 /* Build configuration list for PBXNativeTarget "PiHoleStats" */;
			buildPhases = (
				319084B42454920700D47980 /* Sources */,
				319084B52454920700D47980 /* Frameworks */,
				319084B62454920700D47980 /* Resources */,
				31ABD135247B0AB500D76618 /* ShellScript */,
			);
			buildRules = (
			);
			dependencies = (
			);
			name = PiHoleStats;
			packageProductDependencies = (
				3114424024732D9D00042625 /* SwiftHole */,
				31653447248C261B00733357 /* Preferences */,
			);
			productName = PiHoleStats;
			productReference = 319084B82454920700D47980 /* Pi Stats.app */;
			productType = "com.apple.product-type.application";
		};
/* End PBXNativeTarget section */

/* Begin PBXProject section */
		319084B02454920700D47980 /* Project object */ = {
			isa = PBXProject;
			attributes = {
				LastSwiftUpdateCheck = 1140;
				LastUpgradeCheck = 1140;
				ORGANIZATIONNAME = "Fernando Bunn";
				TargetAttributes = {
					319084B72454920700D47980 = {
						CreatedOnToolsVersion = 11.4.1;
						LastSwiftMigration = 1150;
					};
				};
			};
			buildConfigurationList = 319084B32454920700D47980 /* Build configuration list for PBXProject "PiHoleStats" */;
			compatibilityVersion = "Xcode 9.3";
			developmentRegion = en;
			hasScannedForEncodings = 0;
			knownRegions = (
				en,
				Base,
			);
			mainGroup = 319084AF2454920700D47980;
			packageReferences = (
				3114423F24732D9D00042625 /* XCRemoteSwiftPackageReference "SwiftHole" */,
				31653446248C261B00733357 /* XCRemoteSwiftPackageReference "Preferences" */,
			);
			productRefGroup = 319084B92454920700D47980 /* Products */;
			projectDirPath = "";
			projectRoot = "";
			targets = (
				319084B72454920700D47980 /* PiHoleStats */,
			);
		};
/* End PBXProject section */

/* Begin PBXResourcesBuildPhase section */
		319084B62454920700D47980 /* Resources */ = {
			isa = PBXResourcesBuildPhase;
			buildActionMask = 2147483647;
			files = (
				319084C62454920900D47980 /* Main.storyboard in Resources */,
				319084C32454920900D47980 /* Preview Assets.xcassets in Resources */,
				319084C02454920900D47980 /* Assets.xcassets in Resources */,
			);
			runOnlyForDeploymentPostprocessing = 0;
		};
/* End PBXResourcesBuildPhase section */

/* Begin PBXShellScriptBuildPhase section */
		31ABD135247B0AB500D76618 /* ShellScript */ = {
			isa = PBXShellScriptBuildPhase;
			buildActionMask = 2147483647;
			files = (
			);
			inputFileListPaths = (
			);
			inputPaths = (
			);
			outputFileListPaths = (
			);
			outputPaths = (
			);
			runOnlyForDeploymentPostprocessing = 0;
			shellPath = /bin/sh;
			shellScript = "if which swiftlint >/dev/null; then\n  swiftlint\nelse\n  echo \"warning: SwiftLint not installed, download from https://github.com/realm/SwiftLint\"\nfi\n";
		};
/* End PBXShellScriptBuildPhase section */

/* Begin PBXSourcesBuildPhase section */
		319084B42454920700D47980 /* Sources */ = {
			isa = PBXSourcesBuildPhase;
			buildActionMask = 2147483647;
			files = (
				3160C4FD2478791000FAB226 /* AboutView.swift in Sources */,
				3160C50324787AF300FAB226 /* PreferencesViewController.swift in Sources */,
				315CA2D8247925A10079F555 /* PreferencesView.swift in Sources */,
				313278EE246A086000520124 /* UserPreferences.swift in Sources */,
				31ABD13A247B14C200D76618 /* Pihole.swift in Sources */,
				31DC927924D7103500C6E8F7 /* QRCodeGenerator.swift in Sources */,
				3150BE8B2483149400EF0EF6 /* PiholeItemConfigView.swift in Sources */,
				31844F5C24D70CCE006CB0F7 /* EqualFrame.swift in Sources */,
				31CC8174249F8072008DA24C /* DataMigrationManager.swift in Sources */,
				31ABD138247B14B700D76618 /* PiholeDataProvider.swift in Sources */,
				3173B1D6248F8A97000343BB /* PiholeListViewModel.swift in Sources */,
				3129E20224F2B79800473269 /* ToolTip.swift in Sources */,
				31CC8176249FA290008DA24C /* Logger.swift in Sources */,
				31718236246B22E1003BBF0C /* SummaryItem.swift in Sources */,
				319044D824788C2D00BE4797 /* NavigationController.swift in Sources */,
				3124948E24701D2800634933 /* APIToken.swift in Sources */,
				313408DD24689028005D73E7 /* PiholeListConfigView.swift in Sources */,
				313278EA2469FD7C00520124 /* UIConstants.swift in Sources */,
				317278892468AED900B5BE3D /* SummaryView.swift in Sources */,
				319F10952483F04A003EB3CD /* PiholeViewModel.swift in Sources */,
				319084BC2454920700D47980 /* AppDelegate.swift in Sources */,
				313408DB24688456005D73E7 /* SummaryViewController.swift in Sources */,
				315CA2DC247931FE0079F555 /* SharedFileList.m in Sources */,
				63E0AC82257D84E200E20B1E /* AddRemoveButton.swift in Sources */,
				3160C4F7247876AC00FAB226 /* EventMonitor.swift in Sources */,
				3160C4F5247875D600FAB226 /* MenuController.swift in Sources */,
				3124948C24701BD300634933 /* KeyChainPasswordItem.swift in Sources */,
			);
			runOnlyForDeploymentPostprocessing = 0;
		};
/* End PBXSourcesBuildPhase section */

/* Begin PBXVariantGroup section */
		319084C42454920900D47980 /* Main.storyboard */ = {
			isa = PBXVariantGroup;
			children = (
				319084C52454920900D47980 /* Base */,
			);
			name = Main.storyboard;
			sourceTree = "<group>";
		};
/* End PBXVariantGroup section */

/* Begin XCBuildConfiguration section */
		319084C92454920900D47980 /* Debug */ = {
			isa = XCBuildConfiguration;
			buildSettings = {
				ALWAYS_SEARCH_USER_PATHS = NO;
				CLANG_ANALYZER_NONNULL = YES;
				CLANG_ANALYZER_NUMBER_OBJECT_CONVERSION = YES_AGGRESSIVE;
				CLANG_CXX_LANGUAGE_STANDARD = "gnu++14";
				CLANG_CXX_LIBRARY = "libc++";
				CLANG_ENABLE_MODULES = YES;
				CLANG_ENABLE_OBJC_ARC = YES;
				CLANG_ENABLE_OBJC_WEAK = YES;
				CLANG_WARN_BLOCK_CAPTURE_AUTORELEASING = YES;
				CLANG_WARN_BOOL_CONVERSION = YES;
				CLANG_WARN_COMMA = YES;
				CLANG_WARN_CONSTANT_CONVERSION = YES;
				CLANG_WARN_DEPRECATED_OBJC_IMPLEMENTATIONS = YES;
				CLANG_WARN_DIRECT_OBJC_ISA_USAGE = YES_ERROR;
				CLANG_WARN_DOCUMENTATION_COMMENTS = YES;
				CLANG_WARN_EMPTY_BODY = YES;
				CLANG_WARN_ENUM_CONVERSION = YES;
				CLANG_WARN_INFINITE_RECURSION = YES;
				CLANG_WARN_INT_CONVERSION = YES;
				CLANG_WARN_NON_LITERAL_NULL_CONVERSION = YES;
				CLANG_WARN_OBJC_IMPLICIT_RETAIN_SELF = YES;
				CLANG_WARN_OBJC_LITERAL_CONVERSION = YES;
				CLANG_WARN_OBJC_ROOT_CLASS = YES_ERROR;
				CLANG_WARN_RANGE_LOOP_ANALYSIS = YES;
				CLANG_WARN_STRICT_PROTOTYPES = YES;
				CLANG_WARN_SUSPICIOUS_MOVE = YES;
				CLANG_WARN_UNGUARDED_AVAILABILITY = YES_AGGRESSIVE;
				CLANG_WARN_UNREACHABLE_CODE = YES;
				CLANG_WARN__DUPLICATE_METHOD_MATCH = YES;
				COPY_PHASE_STRIP = NO;
				DEBUG_INFORMATION_FORMAT = dwarf;
				ENABLE_STRICT_OBJC_MSGSEND = YES;
				ENABLE_TESTABILITY = YES;
				GCC_C_LANGUAGE_STANDARD = gnu11;
				GCC_DYNAMIC_NO_PIC = NO;
				GCC_NO_COMMON_BLOCKS = YES;
				GCC_OPTIMIZATION_LEVEL = 0;
				GCC_PREPROCESSOR_DEFINITIONS = (
					"DEBUG=1",
					"$(inherited)",
				);
				GCC_WARN_64_TO_32_BIT_CONVERSION = YES;
				GCC_WARN_ABOUT_RETURN_TYPE = YES_ERROR;
				GCC_WARN_UNDECLARED_SELECTOR = YES;
				GCC_WARN_UNINITIALIZED_AUTOS = YES_AGGRESSIVE;
				GCC_WARN_UNUSED_FUNCTION = YES;
				GCC_WARN_UNUSED_VARIABLE = YES;
				MACOSX_DEPLOYMENT_TARGET = 10.15;
				MTL_ENABLE_DEBUG_INFO = INCLUDE_SOURCE;
				MTL_FAST_MATH = YES;
				ONLY_ACTIVE_ARCH = YES;
				SDKROOT = macosx;
				SWIFT_ACTIVE_COMPILATION_CONDITIONS = DEBUG;
				SWIFT_OPTIMIZATION_LEVEL = "-Onone";
			};
			name = Debug;
		};
		319084CA2454920900D47980 /* Release */ = {
			isa = XCBuildConfiguration;
			buildSettings = {
				ALWAYS_SEARCH_USER_PATHS = NO;
				CLANG_ANALYZER_NONNULL = YES;
				CLANG_ANALYZER_NUMBER_OBJECT_CONVERSION = YES_AGGRESSIVE;
				CLANG_CXX_LANGUAGE_STANDARD = "gnu++14";
				CLANG_CXX_LIBRARY = "libc++";
				CLANG_ENABLE_MODULES = YES;
				CLANG_ENABLE_OBJC_ARC = YES;
				CLANG_ENABLE_OBJC_WEAK = YES;
				CLANG_WARN_BLOCK_CAPTURE_AUTORELEASING = YES;
				CLANG_WARN_BOOL_CONVERSION = YES;
				CLANG_WARN_COMMA = YES;
				CLANG_WARN_CONSTANT_CONVERSION = YES;
				CLANG_WARN_DEPRECATED_OBJC_IMPLEMENTATIONS = YES;
				CLANG_WARN_DIRECT_OBJC_ISA_USAGE = YES_ERROR;
				CLANG_WARN_DOCUMENTATION_COMMENTS = YES;
				CLANG_WARN_EMPTY_BODY = YES;
				CLANG_WARN_ENUM_CONVERSION = YES;
				CLANG_WARN_INFINITE_RECURSION = YES;
				CLANG_WARN_INT_CONVERSION = YES;
				CLANG_WARN_NON_LITERAL_NULL_CONVERSION = YES;
				CLANG_WARN_OBJC_IMPLICIT_RETAIN_SELF = YES;
				CLANG_WARN_OBJC_LITERAL_CONVERSION = YES;
				CLANG_WARN_OBJC_ROOT_CLASS = YES_ERROR;
				CLANG_WARN_RANGE_LOOP_ANALYSIS = YES;
				CLANG_WARN_STRICT_PROTOTYPES = YES;
				CLANG_WARN_SUSPICIOUS_MOVE = YES;
				CLANG_WARN_UNGUARDED_AVAILABILITY = YES_AGGRESSIVE;
				CLANG_WARN_UNREACHABLE_CODE = YES;
				CLANG_WARN__DUPLICATE_METHOD_MATCH = YES;
				COPY_PHASE_STRIP = NO;
				DEBUG_INFORMATION_FORMAT = "dwarf-with-dsym";
				ENABLE_NS_ASSERTIONS = NO;
				ENABLE_STRICT_OBJC_MSGSEND = YES;
				GCC_C_LANGUAGE_STANDARD = gnu11;
				GCC_NO_COMMON_BLOCKS = YES;
				GCC_WARN_64_TO_32_BIT_CONVERSION = YES;
				GCC_WARN_ABOUT_RETURN_TYPE = YES_ERROR;
				GCC_WARN_UNDECLARED_SELECTOR = YES;
				GCC_WARN_UNINITIALIZED_AUTOS = YES_AGGRESSIVE;
				GCC_WARN_UNUSED_FUNCTION = YES;
				GCC_WARN_UNUSED_VARIABLE = YES;
				MACOSX_DEPLOYMENT_TARGET = 10.15;
				MTL_ENABLE_DEBUG_INFO = NO;
				MTL_FAST_MATH = YES;
				SDKROOT = macosx;
				SWIFT_COMPILATION_MODE = wholemodule;
				SWIFT_OPTIMIZATION_LEVEL = "-O";
			};
			name = Release;
		};
		319084CC2454920900D47980 /* Debug */ = {
			isa = XCBuildConfiguration;
			buildSettings = {
				ASSETCATALOG_COMPILER_APPICON_NAME = AppIcon;
				CLANG_ENABLE_MODULES = YES;
				CODE_SIGN_ENTITLEMENTS = PiHoleStats/PiHoleStats.entitlements;
				CODE_SIGN_IDENTITY = "Apple Development";
				CODE_SIGN_STYLE = Automatic;
				COMBINE_HIDPI_IMAGES = YES;
				CURRENT_PROJECT_VERSION = 16;
				DEVELOPMENT_ASSET_PATHS = "\"PiHoleStats/Preview Content\"";
				DEVELOPMENT_TEAM = B2RUA6XMHC;
				ENABLE_HARDENED_RUNTIME = YES;
				ENABLE_PREVIEWS = YES;
				INFOPLIST_FILE = PiHoleStats/Info.plist;
				LD_RUNPATH_SEARCH_PATHS = (
					"$(inherited)",
					"@executable_path/../Frameworks",
				);
				MACOSX_DEPLOYMENT_TARGET = 10.15;
				MARKETING_VERSION = 2.3.2;
				PRODUCT_BUNDLE_IDENTIFIER = dev.bunn.holestats;
				PRODUCT_NAME = "Pi Stats";
				PROVISIONING_PROFILE_SPECIFIER = "";
				SWIFT_OBJC_BRIDGING_HEADER = "PiHoleStats/Util/PiHoleStats-Bridging-Header.h";
				SWIFT_OPTIMIZATION_LEVEL = "-Onone";
				SWIFT_VERSION = 5.0;
			};
			name = Debug;
		};
		319084CD2454920900D47980 /* Release */ = {
			isa = XCBuildConfiguration;
			buildSettings = {
				ASSETCATALOG_COMPILER_APPICON_NAME = AppIcon;
				CLANG_ENABLE_MODULES = YES;
				CODE_SIGN_ENTITLEMENTS = PiHoleStats/PiHoleStats.entitlements;
				CODE_SIGN_IDENTITY = "Apple Development";
				CODE_SIGN_STYLE = Automatic;
				COMBINE_HIDPI_IMAGES = YES;
				CURRENT_PROJECT_VERSION = 16;
				DEVELOPMENT_ASSET_PATHS = "\"PiHoleStats/Preview Content\"";
				DEVELOPMENT_TEAM = B2RUA6XMHC;
				ENABLE_HARDENED_RUNTIME = YES;
				ENABLE_PREVIEWS = YES;
				INFOPLIST_FILE = PiHoleStats/Info.plist;
				LD_RUNPATH_SEARCH_PATHS = (
					"$(inherited)",
					"@executable_path/../Frameworks",
				);
				MACOSX_DEPLOYMENT_TARGET = 10.15;
				MARKETING_VERSION = 2.3.2;
				PRODUCT_BUNDLE_IDENTIFIER = dev.bunn.holestats;
				PRODUCT_NAME = "Pi Stats";
				PROVISIONING_PROFILE_SPECIFIER = "";
				SWIFT_OBJC_BRIDGING_HEADER = "PiHoleStats/Util/PiHoleStats-Bridging-Header.h";
				SWIFT_VERSION = 5.0;
			};
			name = Release;
		};
/* End XCBuildConfiguration section */

/* Begin XCConfigurationList section */
		319084B32454920700D47980 /* Build configuration list for PBXProject "PiHoleStats" */ = {
			isa = XCConfigurationList;
			buildConfigurations = (
				319084C92454920900D47980 /* Debug */,
				319084CA2454920900D47980 /* Release */,
			);
			defaultConfigurationIsVisible = 0;
			defaultConfigurationName = Release;
		};
		319084CB2454920900D47980 /* Build configuration list for PBXNativeTarget "PiHoleStats" */ = {
			isa = XCConfigurationList;
			buildConfigurations = (
				319084CC2454920900D47980 /* Debug */,
				319084CD2454920900D47980 /* Release */,
			);
			defaultConfigurationIsVisible = 0;
			defaultConfigurationName = Release;
		};
/* End XCConfigurationList section */

/* Begin XCRemoteSwiftPackageReference section */
		3114423F24732D9D00042625 /* XCRemoteSwiftPackageReference "SwiftHole" */ = {
			isa = XCRemoteSwiftPackageReference;
			repositoryURL = "git@github.com:Bunn/SwiftHole.git";
			requirement = {
				kind = upToNextMajorVersion;
				minimumVersion = 1.1.0;
			};
		};
		31653446248C261B00733357 /* XCRemoteSwiftPackageReference "Preferences" */ = {
			isa = XCRemoteSwiftPackageReference;
			repositoryURL = "https://github.com/sindresorhus/Preferences";
			requirement = {
				kind = upToNextMajorVersion;
				minimumVersion = 2.0.0;
			};
		};
/* End XCRemoteSwiftPackageReference section */

/* Begin XCSwiftPackageProductDependency section */
		3114424024732D9D00042625 /* SwiftHole */ = {
			isa = XCSwiftPackageProductDependency;
			package = 3114423F24732D9D00042625 /* XCRemoteSwiftPackageReference "SwiftHole" */;
			productName = SwiftHole;
		};
		31653447248C261B00733357 /* Preferences */ = {
			isa = XCSwiftPackageProductDependency;
			package = 31653446248C261B00733357 /* XCRemoteSwiftPackageReference "Preferences" */;
			productName = Preferences;
		};
/* End XCSwiftPackageProductDependency section */
	};
	rootObject = 319084B02454920700D47980 /* Project object */;
}
