// !$*UTF8*$!
{
	archiveVersion = 1;
	classes = {
	};
	objectVersion = 52;
	objects = {

/* Begin PBXBuildFile section */
		3124948C24701BD300634933 /* KeyChainPasswordItem.swift in Sources */ = {isa = PBXBuildFile; fileRef = 3124948B24701BD300634933 /* KeyChainPasswordItem.swift */; };
		3124948E24701D2800634933 /* APIToken.swift in Sources */ = {isa = PBXBuildFile; fileRef = 3124948D24701D2800634933 /* APIToken.swift */; };
		313278EA2469FD7C00520124 /* UIConstants.swift in Sources */ = {isa = PBXBuildFile; fileRef = 313278E92469FD7C00520124 /* UIConstants.swift */; };
		313278EE246A086000520124 /* Settings.swift in Sources */ = {isa = PBXBuildFile; fileRef = 313278ED246A086000520124 /* Settings.swift */; };
		313278F1246A08D700520124 /* PiHoleViewModel.swift in Sources */ = {isa = PBXBuildFile; fileRef = 313278F0246A08D700520124 /* PiHoleViewModel.swift */; };
		313408DB24688456005D73E7 /* SummaryViewController.swift in Sources */ = {isa = PBXBuildFile; fileRef = 313408DA24688456005D73E7 /* SummaryViewController.swift */; };
		313408DD24689028005D73E7 /* SettingsView.swift in Sources */ = {isa = PBXBuildFile; fileRef = 313408DC24689028005D73E7 /* SettingsView.swift */; };
		31718236246B22E1003BBF0C /* SummaryItem.swift in Sources */ = {isa = PBXBuildFile; fileRef = 31718235246B22E1003BBF0C /* SummaryItem.swift */; };
		317278892468AED900B5BE3D /* SummaryView.swift in Sources */ = {isa = PBXBuildFile; fileRef = 317278882468AED900B5BE3D /* SummaryView.swift */; };
		3172788E2468B03D00B5BE3D /* NavigationViewModel.swift in Sources */ = {isa = PBXBuildFile; fileRef = 3172788D2468B03D00B5BE3D /* NavigationViewModel.swift */; };
		319084BC2454920700D47980 /* AppDelegate.swift in Sources */ = {isa = PBXBuildFile; fileRef = 319084BB2454920700D47980 /* AppDelegate.swift */; };
		319084BE2454920700D47980 /* ContentView.swift in Sources */ = {isa = PBXBuildFile; fileRef = 319084BD2454920700D47980 /* ContentView.swift */; };
		319084C02454920900D47980 /* Assets.xcassets in Resources */ = {isa = PBXBuildFile; fileRef = 319084BF2454920900D47980 /* Assets.xcassets */; };
		319084C32454920900D47980 /* Preview Assets.xcassets in Resources */ = {isa = PBXBuildFile; fileRef = 319084C22454920900D47980 /* Preview Assets.xcassets */; };
		319084C62454920900D47980 /* Main.storyboard in Resources */ = {isa = PBXBuildFile; fileRef = 319084C42454920900D47980 /* Main.storyboard */; };
		319084D02454945900D47980 /* SwiftHole in Frameworks */ = {isa = PBXBuildFile; productRef = 319084CF2454945900D47980 /* SwiftHole */; };
/* End PBXBuildFile section */

/* Begin PBXFileReference section */
		3124948B24701BD300634933 /* KeyChainPasswordItem.swift */ = {isa = PBXFileReference; lastKnownFileType = sourcecode.swift; path = KeyChainPasswordItem.swift; sourceTree = "<group>"; };
		3124948D24701D2800634933 /* APIToken.swift */ = {isa = PBXFileReference; lastKnownFileType = sourcecode.swift; path = APIToken.swift; sourceTree = "<group>"; };
		313278E92469FD7C00520124 /* UIConstants.swift */ = {isa = PBXFileReference; lastKnownFileType = sourcecode.swift; path = UIConstants.swift; sourceTree = "<group>"; };
		313278ED246A086000520124 /* Settings.swift */ = {isa = PBXFileReference; lastKnownFileType = sourcecode.swift; path = Settings.swift; sourceTree = "<group>"; };
		313278F0246A08D700520124 /* PiHoleViewModel.swift */ = {isa = PBXFileReference; lastKnownFileType = sourcecode.swift; path = PiHoleViewModel.swift; sourceTree = "<group>"; };
		313408DA24688456005D73E7 /* SummaryViewController.swift */ = {isa = PBXFileReference; lastKnownFileType = sourcecode.swift; path = SummaryViewController.swift; sourceTree = "<group>"; };
		313408DC24689028005D73E7 /* SettingsView.swift */ = {isa = PBXFileReference; lastKnownFileType = sourcecode.swift; path = SettingsView.swift; sourceTree = "<group>"; };
		31718235246B22E1003BBF0C /* SummaryItem.swift */ = {isa = PBXFileReference; lastKnownFileType = sourcecode.swift; path = SummaryItem.swift; sourceTree = "<group>"; };
		317278882468AED900B5BE3D /* SummaryView.swift */ = {isa = PBXFileReference; lastKnownFileType = sourcecode.swift; path = SummaryView.swift; sourceTree = "<group>"; };
		3172788D2468B03D00B5BE3D /* NavigationViewModel.swift */ = {isa = PBXFileReference; lastKnownFileType = sourcecode.swift; path = NavigationViewModel.swift; sourceTree = "<group>"; };
		319084B82454920700D47980 /* Pi-hole Stats.app */ = {isa = PBXFileReference; explicitFileType = wrapper.application; includeInIndex = 0; path = "Pi-hole Stats.app"; sourceTree = BUILT_PRODUCTS_DIR; };
		319084BB2454920700D47980 /* AppDelegate.swift */ = {isa = PBXFileReference; lastKnownFileType = sourcecode.swift; path = AppDelegate.swift; sourceTree = "<group>"; };
		319084BD2454920700D47980 /* ContentView.swift */ = {isa = PBXFileReference; lastKnownFileType = sourcecode.swift; path = ContentView.swift; sourceTree = "<group>"; };
		319084BF2454920900D47980 /* Assets.xcassets */ = {isa = PBXFileReference; lastKnownFileType = folder.assetcatalog; path = Assets.xcassets; sourceTree = "<group>"; };
		319084C22454920900D47980 /* Preview Assets.xcassets */ = {isa = PBXFileReference; lastKnownFileType = folder.assetcatalog; path = "Preview Assets.xcassets"; sourceTree = "<group>"; };
		319084C52454920900D47980 /* Base */ = {isa = PBXFileReference; lastKnownFileType = file.storyboard; name = Base; path = Base.lproj/Main.storyboard; sourceTree = "<group>"; };
		319084C72454920900D47980 /* Info.plist */ = {isa = PBXFileReference; lastKnownFileType = text.plist.xml; path = Info.plist; sourceTree = "<group>"; };
		319084C82454920900D47980 /* PiHoleStats.entitlements */ = {isa = PBXFileReference; lastKnownFileType = text.plist.entitlements; path = PiHoleStats.entitlements; sourceTree = "<group>"; };
		31A070DB24609F8B0057FCB5 /* SwiftHole */ = {isa = PBXFileReference; lastKnownFileType = folder; name = SwiftHole; path = ../../SwiftHole; sourceTree = "<group>"; };
/* End PBXFileReference section */

/* Begin PBXFrameworksBuildPhase section */
		319084B52454920700D47980 /* Frameworks */ = {
			isa = PBXFrameworksBuildPhase;
			buildActionMask = 2147483647;
			files = (
				319084D02454945900D47980 /* SwiftHole in Frameworks */,
			);
			runOnlyForDeploymentPostprocessing = 0;
		};
/* End PBXFrameworksBuildPhase section */

/* Begin PBXGroup section */
		313278EB246A079000520124 /* Util */ = {
			isa = PBXGroup;
			children = (
				313278E92469FD7C00520124 /* UIConstants.swift */,
				3124948B24701BD300634933 /* KeyChainPasswordItem.swift */,
			);
			path = Util;
			sourceTree = "<group>";
		};
		313278EF246A08B900520124 /* ViewModel */ = {
			isa = PBXGroup;
			children = (
				3172788D2468B03D00B5BE3D /* NavigationViewModel.swift */,
				313278F0246A08D700520124 /* PiHoleViewModel.swift */,
			);
			path = ViewModel;
			sourceTree = "<group>";
		};
		3172788A2468AF1A00B5BE3D /* Views */ = {
			isa = PBXGroup;
			children = (
				313408DC24689028005D73E7 /* SettingsView.swift */,
				317278882468AED900B5BE3D /* SummaryView.swift */,
				31718235246B22E1003BBF0C /* SummaryItem.swift */,
				319084BD2454920700D47980 /* ContentView.swift */,
			);
			path = Views;
			sourceTree = "<group>";
		};
		3172788B2468AF2600B5BE3D /* ViewControllers */ = {
			isa = PBXGroup;
			children = (
				313408DA24688456005D73E7 /* SummaryViewController.swift */,
			);
			path = ViewControllers;
			sourceTree = "<group>";
		};
		3172788C2468B02B00B5BE3D /* Model */ = {
			isa = PBXGroup;
			children = (
				313278ED246A086000520124 /* Settings.swift */,
				3124948D24701D2800634933 /* APIToken.swift */,
			);
			path = Model;
			sourceTree = "<group>";
		};
		319084AF2454920700D47980 = {
			isa = PBXGroup;
			children = (
				319084BA2454920700D47980 /* PiHoleStats */,
				319084B92454920700D47980 /* Products */,
			);
			sourceTree = "<group>";
		};
		319084B92454920700D47980 /* Products */ = {
			isa = PBXGroup;
			children = (
				319084B82454920700D47980 /* Pi-hole Stats.app */,
			);
			name = Products;
			sourceTree = "<group>";
		};
		319084BA2454920700D47980 /* PiHoleStats */ = {
			isa = PBXGroup;
			children = (
				313278EF246A08B900520124 /* ViewModel */,
				3172788C2468B02B00B5BE3D /* Model */,
				3172788B2468AF2600B5BE3D /* ViewControllers */,
				3172788A2468AF1A00B5BE3D /* Views */,
				313278EB246A079000520124 /* Util */,
				319084BB2454920700D47980 /* AppDelegate.swift */,
				319084BF2454920900D47980 /* Assets.xcassets */,
				319084C42454920900D47980 /* Main.storyboard */,
				31A070DB24609F8B0057FCB5 /* SwiftHole */,
				319084C72454920900D47980 /* Info.plist */,
				319084C82454920900D47980 /* PiHoleStats.entitlements */,
				319084C12454920900D47980 /* Preview Content */,
			);
			path = PiHoleStats;
			sourceTree = "<group>";
		};
		319084C12454920900D47980 /* Preview Content */ = {
			isa = PBXGroup;
			children = (
				319084C22454920900D47980 /* Preview Assets.xcassets */,
			);
			path = "Preview Content";
			sourceTree = "<group>";
		};
/* End PBXGroup section */

/* Begin PBXNativeTarget section */
		319084B72454920700D47980 /* PiHoleStats */ = {
			isa = PBXNativeTarget;
			buildConfigurationList = 319084CB2454920900D47980 /* Build configuration list for PBXNativeTarget "PiHoleStats" */;
			buildPhases = (
				319084B42454920700D47980 /* Sources */,
				319084B52454920700D47980 /* Frameworks */,
				319084B62454920700D47980 /* Resources */,
			);
			buildRules = (
			);
			dependencies = (
			);
			name = PiHoleStats;
			packageProductDependencies = (
				319084CF2454945900D47980 /* SwiftHole */,
			);
			productName = PiHoleStats;
			productReference = 319084B82454920700D47980 /* Pi-hole Stats.app */;
			productType = "com.apple.product-type.application";
		};
/* End PBXNativeTarget section */

/* Begin PBXProject section */
		319084B02454920700D47980 /* Project object */ = {
			isa = PBXProject;
			attributes = {
				LastSwiftUpdateCheck = 1140;
				LastUpgradeCheck = 1140;
				ORGANIZATIONNAME = "Fernando Bunn";
				TargetAttributes = {
					319084B72454920700D47980 = {
						CreatedOnToolsVersion = 11.4.1;
					};
				};
			};
			buildConfigurationList = 319084B32454920700D47980 /* Build configuration list for PBXProject "PiHoleStats" */;
			compatibilityVersion = "Xcode 9.3";
			developmentRegion = en;
			hasScannedForEncodings = 0;
			knownRegions = (
				en,
				Base,
			);
			mainGroup = 319084AF2454920700D47980;
			packageReferences = (
				319084CE2454945900D47980 /* XCRemoteSwiftPackageReference "SwiftHole" */,
			);
			productRefGroup = 319084B92454920700D47980 /* Products */;
			projectDirPath = "";
			projectRoot = "";
			targets = (
				319084B72454920700D47980 /* PiHoleStats */,
			);
		};
/* End PBXProject section */

/* Begin PBXResourcesBuildPhase section */
		319084B62454920700D47980 /* Resources */ = {
			isa = PBXResourcesBuildPhase;
			buildActionMask = 2147483647;
			files = (
				319084C62454920900D47980 /* Main.storyboard in Resources */,
				319084C32454920900D47980 /* Preview Assets.xcassets in Resources */,
				319084C02454920900D47980 /* Assets.xcassets in Resources */,
			);
			runOnlyForDeploymentPostprocessing = 0;
		};
/* End PBXResourcesBuildPhase section */

/* Begin PBXSourcesBuildPhase section */
		319084B42454920700D47980 /* Sources */ = {
			isa = PBXSourcesBuildPhase;
			buildActionMask = 2147483647;
			files = (
				3172788E2468B03D00B5BE3D /* NavigationViewModel.swift in Sources */,
				319084BE2454920700D47980 /* ContentView.swift in Sources */,
				313278EE246A086000520124 /* Settings.swift in Sources */,
				31718236246B22E1003BBF0C /* SummaryItem.swift in Sources */,
				3124948E24701D2800634933 /* APIToken.swift in Sources */,
				313408DD24689028005D73E7 /* SettingsView.swift in Sources */,
				313278EA2469FD7C00520124 /* UIConstants.swift in Sources */,
				317278892468AED900B5BE3D /* SummaryView.swift in Sources */,
				319084BC2454920700D47980 /* AppDelegate.swift in Sources */,
				313278F1246A08D700520124 /* PiHoleViewModel.swift in Sources */,
				313408DB24688456005D73E7 /* SummaryViewController.swift in Sources */,
				3124948C24701BD300634933 /* KeyChainPasswordItem.swift in Sources */,
			);
			runOnlyForDeploymentPostprocessing = 0;
		};
/* End PBXSourcesBuildPhase section */

/* Begin PBXVariantGroup section */
		319084C42454920900D47980 /* Main.storyboard */ = {
			isa = PBXVariantGroup;
			children = (
				319084C52454920900D47980 /* Base */,
			);
			name = Main.storyboard;
			sourceTree = "<group>";
		};
/* End PBXVariantGroup section */

/* Begin XCBuildConfiguration section */
		319084C92454920900D47980 /* Debug */ = {
			isa = XCBuildConfiguration;
			buildSettings = {
				ALWAYS_SEARCH_USER_PATHS = NO;
				CLANG_ANALYZER_NONNULL = YES;
				CLANG_ANALYZER_NUMBER_OBJECT_CONVERSION = YES_AGGRESSIVE;
				CLANG_CXX_LANGUAGE_STANDARD = "gnu++14";
				CLANG_CXX_LIBRARY = "libc++";
				CLANG_ENABLE_MODULES = YES;
				CLANG_ENABLE_OBJC_ARC = YES;
				CLANG_ENABLE_OBJC_WEAK = YES;
				CLANG_WARN_BLOCK_CAPTURE_AUTORELEASING = YES;
				CLANG_WARN_BOOL_CONVERSION = YES;
				CLANG_WARN_COMMA = YES;
				CLANG_WARN_CONSTANT_CONVERSION = YES;
				CLANG_WARN_DEPRECATED_OBJC_IMPLEMENTATIONS = YES;
				CLANG_WARN_DIRECT_OBJC_ISA_USAGE = YES_ERROR;
				CLANG_WARN_DOCUMENTATION_COMMENTS = YES;
				CLANG_WARN_EMPTY_BODY = YES;
				CLANG_WARN_ENUM_CONVERSION = YES;
				CLANG_WARN_INFINITE_RECURSION = YES;
				CLANG_WARN_INT_CONVERSION = YES;
				CLANG_WARN_NON_LITERAL_NULL_CONVERSION = YES;
				CLANG_WARN_OBJC_IMPLICIT_RETAIN_SELF = YES;
				CLANG_WARN_OBJC_LITERAL_CONVERSION = YES;
				CLANG_WARN_OBJC_ROOT_CLASS = YES_ERROR;
				CLANG_WARN_RANGE_LOOP_ANALYSIS = YES;
				CLANG_WARN_STRICT_PROTOTYPES = YES;
				CLANG_WARN_SUSPICIOUS_MOVE = YES;
				CLANG_WARN_UNGUARDED_AVAILABILITY = YES_AGGRESSIVE;
				CLANG_WARN_UNREACHABLE_CODE = YES;
				CLANG_WARN__DUPLICATE_METHOD_MATCH = YES;
				COPY_PHASE_STRIP = NO;
				DEBUG_INFORMATION_FORMAT = dwarf;
				ENABLE_STRICT_OBJC_MSGSEND = YES;
				ENABLE_TESTABILITY = YES;
				GCC_C_LANGUAGE_STANDARD = gnu11;
				GCC_DYNAMIC_NO_PIC = NO;
				GCC_NO_COMMON_BLOCKS = YES;
				GCC_OPTIMIZATION_LEVEL = 0;
				GCC_PREPROCESSOR_DEFINITIONS = (
					"DEBUG=1",
					"$(inherited)",
				);
				GCC_WARN_64_TO_32_BIT_CONVERSION = YES;
				GCC_WARN_ABOUT_RETURN_TYPE = YES_ERROR;
				GCC_WARN_UNDECLARED_SELECTOR = YES;
				GCC_WARN_UNINITIALIZED_AUTOS = YES_AGGRESSIVE;
				GCC_WARN_UNUSED_FUNCTION = YES;
				GCC_WARN_UNUSED_VARIABLE = YES;
				MACOSX_DEPLOYMENT_TARGET = 10.15;
				MTL_ENABLE_DEBUG_INFO = INCLUDE_SOURCE;
				MTL_FAST_MATH = YES;
				ONLY_ACTIVE_ARCH = YES;
				SDKROOT = macosx;
				SWIFT_ACTIVE_COMPILATION_CONDITIONS = DEBUG;
				SWIFT_OPTIMIZATION_LEVEL = "-Onone";
			};
			name = Debug;
		};
		319084CA2454920900D47980 /* Release */ = {
			isa = XCBuildConfiguration;
			buildSettings = {
				ALWAYS_SEARCH_USER_PATHS = NO;
				CLANG_ANALYZER_NONNULL = YES;
				CLANG_ANALYZER_NUMBER_OBJECT_CONVERSION = YES_AGGRESSIVE;
				CLANG_CXX_LANGUAGE_STANDARD = "gnu++14";
				CLANG_CXX_LIBRARY = "libc++";
				CLANG_ENABLE_MODULES = YES;
				CLANG_ENABLE_OBJC_ARC = YES;
				CLANG_ENABLE_OBJC_WEAK = YES;
				CLANG_WARN_BLOCK_CAPTURE_AUTORELEASING = YES;
				CLANG_WARN_BOOL_CONVERSION = YES;
				CLANG_WARN_COMMA = YES;
				CLANG_WARN_CONSTANT_CONVERSION = YES;
				CLANG_WARN_DEPRECATED_OBJC_IMPLEMENTATIONS = YES;
				CLANG_WARN_DIRECT_OBJC_ISA_USAGE = YES_ERROR;
				CLANG_WARN_DOCUMENTATION_COMMENTS = YES;
				CLANG_WARN_EMPTY_BODY = YES;
				CLANG_WARN_ENUM_CONVERSION = YES;
				CLANG_WARN_INFINITE_RECURSION = YES;
				CLANG_WARN_INT_CONVERSION = YES;
				CLANG_WARN_NON_LITERAL_NULL_CONVERSION = YES;
				CLANG_WARN_OBJC_IMPLICIT_RETAIN_SELF = YES;
				CLANG_WARN_OBJC_LITERAL_CONVERSION = YES;
				CLANG_WARN_OBJC_ROOT_CLASS = YES_ERROR;
				CLANG_WARN_RANGE_LOOP_ANALYSIS = YES;
				CLANG_WARN_STRICT_PROTOTYPES = YES;
				CLANG_WARN_SUSPICIOUS_MOVE = YES;
				CLANG_WARN_UNGUARDED_AVAILABILITY = YES_AGGRESSIVE;
				CLANG_WARN_UNREACHABLE_CODE = YES;
				CLANG_WARN__DUPLICATE_METHOD_MATCH = YES;
				COPY_PHASE_STRIP = NO;
				DEBUG_INFORMATION_FORMAT = "dwarf-with-dsym";
				ENABLE_NS_ASSERTIONS = NO;
				ENABLE_STRICT_OBJC_MSGSEND = YES;
				GCC_C_LANGUAGE_STANDARD = gnu11;
				GCC_NO_COMMON_BLOCKS = YES;
				GCC_WARN_64_TO_32_BIT_CONVERSION = YES;
				GCC_WARN_ABOUT_RETURN_TYPE = YES_ERROR;
				GCC_WARN_UNDECLARED_SELECTOR = YES;
				GCC_WARN_UNINITIALIZED_AUTOS = YES_AGGRESSIVE;
				GCC_WARN_UNUSED_FUNCTION = YES;
				GCC_WARN_UNUSED_VARIABLE = YES;
				MACOSX_DEPLOYMENT_TARGET = 10.15;
				MTL_ENABLE_DEBUG_INFO = NO;
				MTL_FAST_MATH = YES;
				SDKROOT = macosx;
				SWIFT_COMPILATION_MODE = wholemodule;
				SWIFT_OPTIMIZATION_LEVEL = "-O";
			};
			name = Release;
		};
		319084CC2454920900D47980 /* Debug */ = {
			isa = XCBuildConfiguration;
			buildSettings = {
				ASSETCATALOG_COMPILER_APPICON_NAME = AppIcon;
				CODE_SIGN_ENTITLEMENTS = PiHoleStats/PiHoleStats.entitlements;
				CODE_SIGN_STYLE = Automatic;
				COMBINE_HIDPI_IMAGES = YES;
				DEVELOPMENT_ASSET_PATHS = "\"PiHoleStats/Preview Content\"";
				DEVELOPMENT_TEAM = DNXBQ46VRB;
				ENABLE_HARDENED_RUNTIME = YES;
				ENABLE_PREVIEWS = YES;
				INFOPLIST_FILE = PiHoleStats/Info.plist;
				LD_RUNPATH_SEARCH_PATHS = (
					"$(inherited)",
					"@executable_path/../Frameworks",
				);
				MACOSX_DEPLOYMENT_TARGET = 10.15;
				PRODUCT_BUNDLE_IDENTIFIER = com.idevzilla.PiHoleStats;
				PRODUCT_NAME = "Pi-hole Stats";
				SWIFT_VERSION = 5.0;
			};
			name = Debug;
		};
		319084CD2454920900D47980 /* Release */ = {
			isa = XCBuildConfiguration;
			buildSettings = {
				ASSETCATALOG_COMPILER_APPICON_NAME = AppIcon;
				CODE_SIGN_ENTITLEMENTS = PiHoleStats/PiHoleStats.entitlements;
				CODE_SIGN_STYLE = Automatic;
				COMBINE_HIDPI_IMAGES = YES;
				DEVELOPMENT_ASSET_PATHS = "\"PiHoleStats/Preview Content\"";
				DEVELOPMENT_TEAM = DNXBQ46VRB;
				ENABLE_HARDENED_RUNTIME = YES;
				ENABLE_PREVIEWS = YES;
				INFOPLIST_FILE = PiHoleStats/Info.plist;
				LD_RUNPATH_SEARCH_PATHS = (
					"$(inherited)",
					"@executable_path/../Frameworks",
				);
				MACOSX_DEPLOYMENT_TARGET = 10.15;
				PRODUCT_BUNDLE_IDENTIFIER = com.idevzilla.PiHoleStats;
				PRODUCT_NAME = "Pi-hole Stats";
				SWIFT_VERSION = 5.0;
			};
			name = Release;
		};
/* End XCBuildConfiguration section */

/* Begin XCConfigurationList section */
		319084B32454920700D47980 /* Build configuration list for PBXProject "PiHoleStats" */ = {
			isa = XCConfigurationList;
			buildConfigurations = (
				319084C92454920900D47980 /* Debug */,
				319084CA2454920900D47980 /* Release */,
			);
			defaultConfigurationIsVisible = 0;
			defaultConfigurationName = Release;
		};
		319084CB2454920900D47980 /* Build configuration list for PBXNativeTarget "PiHoleStats" */ = {
			isa = XCConfigurationList;
			buildConfigurations = (
				319084CC2454920900D47980 /* Debug */,
				319084CD2454920900D47980 /* Release */,
			);
			defaultConfigurationIsVisible = 0;
			defaultConfigurationName = Release;
		};
/* End XCConfigurationList section */

/* Begin XCRemoteSwiftPackageReference section */
		319084CE2454945900D47980 /* XCRemoteSwiftPackageReference "SwiftHole" */ = {
			isa = XCRemoteSwiftPackageReference;
			repositoryURL = "git@github.com:Bunn/SwiftHole.git";
			requirement = {
				branch = master;
				kind = branch;
			};
		};
/* End XCRemoteSwiftPackageReference section */

/* Begin XCSwiftPackageProductDependency section */
		319084CF2454945900D47980 /* SwiftHole */ = {
			isa = XCSwiftPackageProductDependency;
			package = 319084CE2454945900D47980 /* XCRemoteSwiftPackageReference "SwiftHole" */;
			productName = SwiftHole;
		};
/* End XCSwiftPackageProductDependency section */
	};
	rootObject = 319084B02454920700D47980 /* Project object */;
}
